// !$*UTF8*$!
{
	archiveVersion = 1;
	classes = {
	};
	objectVersion = 51;
	objects = {

/* Begin PBXBuildFile section */
		9604B05E24DB44A100649DA7 /* LaunchScreen.storyboard in Resources */ = {isa = PBXBuildFile; fileRef = 9604B05D24DB44A100649DA7 /* LaunchScreen.storyboard */; };
		9604B06824DB46F400649DA7 /* GeoLocationManager.swift in Sources */ = {isa = PBXBuildFile; fileRef = 9604B06724DB46F400649DA7 /* GeoLocationManager.swift */; };
		9604B06B24DB471F00649DA7 /* Coordinate.swift in Sources */ = {isa = PBXBuildFile; fileRef = 9604B06A24DB471F00649DA7 /* Coordinate.swift */; };
		9604B06D24DB490300649DA7 /* GLAuthorizationStatus.swift in Sources */ = {isa = PBXBuildFile; fileRef = 9604B06C24DB490300649DA7 /* GLAuthorizationStatus.swift */; };
		9604B06F24DB497F00649DA7 /* GeoLocationManagerDelegate.swift in Sources */ = {isa = PBXBuildFile; fileRef = 9604B06E24DB497F00649DA7 /* GeoLocationManagerDelegate.swift */; };
		960F029324DAC181008267FA /* Localizable.strings in Resources */ = {isa = PBXBuildFile; fileRef = 960F029524DAC181008267FA /* Localizable.strings */; };
		960F029824DAC586008267FA /* RestAPITransport.swift in Sources */ = {isa = PBXBuildFile; fileRef = 960F029724DAC586008267FA /* RestAPITransport.swift */; };
		960F02DF24DAC5E3008267FA /* APIRequestBody.swift in Sources */ = {isa = PBXBuildFile; fileRef = 960F02AE24DAC5E3008267FA /* APIRequestBody.swift */; };
		960F02F724DAC5E3008267FA /* ApiError.swift in Sources */ = {isa = PBXBuildFile; fileRef = 960F02CC24DAC5E3008267FA /* ApiError.swift */; };
		960F02F824DAC5E3008267FA /* SignError.swift in Sources */ = {isa = PBXBuildFile; fileRef = 960F02CD24DAC5E3008267FA /* SignError.swift */; };
		960F02F924DAC5E3008267FA /* PurchaseError.swift in Sources */ = {isa = PBXBuildFile; fileRef = 960F02CE24DAC5E3008267FA /* PurchaseError.swift */; };
		960F02FA24DAC5E3008267FA /* PaymentError.swift in Sources */ = {isa = PBXBuildFile; fileRef = 960F02CF24DAC5E3008267FA /* PaymentError.swift */; };
		960F02FB24DAC5E3008267FA /* DataBaseError.swift in Sources */ = {isa = PBXBuildFile; fileRef = 960F02D024DAC5E3008267FA /* DataBaseError.swift */; };
		960F02FF24DAC64D008267FA /* GlobalDefinitions.swift in Sources */ = {isa = PBXBuildFile; fileRef = 960F02FE24DAC64D008267FA /* GlobalDefinitions.swift */; };
		960F031924DAC686008267FA /* UIViewExtension.swift in Sources */ = {isa = PBXBuildFile; fileRef = 960F030224DAC686008267FA /* UIViewExtension.swift */; };
		960F031A24DAC686008267FA /* UIDeviceExtension.swift in Sources */ = {isa = PBXBuildFile; fileRef = 960F030324DAC686008267FA /* UIDeviceExtension.swift */; };
		960F031B24DAC686008267FA /* StringExtension.swift in Sources */ = {isa = PBXBuildFile; fileRef = 960F030424DAC686008267FA /* StringExtension.swift */; };
		960F031C24DAC686008267FA /* DictionaryExtension.swift in Sources */ = {isa = PBXBuildFile; fileRef = 960F030524DAC686008267FA /* DictionaryExtension.swift */; };
		960F031D24DAC686008267FA /* Scalable.swift in Sources */ = {isa = PBXBuildFile; fileRef = 960F030724DAC686008267FA /* Scalable.swift */; };
		960F031E24DAC686008267FA /* TextAttributes.swift in Sources */ = {isa = PBXBuildFile; fileRef = 960F030824DAC686008267FA /* TextAttributes.swift */; };
		960F031F24DAC686008267FA /* ScreenSize.swift in Sources */ = {isa = PBXBuildFile; fileRef = 960F030924DAC686008267FA /* ScreenSize.swift */; };
		960F032024DAC686008267FA /* Fonts.swift in Sources */ = {isa = PBXBuildFile; fileRef = 960F030A24DAC686008267FA /* Fonts.swift */; };
		960F032224DAC686008267FA /* Weak.swift in Sources */ = {isa = PBXBuildFile; fileRef = 960F030C24DAC686008267FA /* Weak.swift */; };
		960F032324DAC686008267FA /* ImagePicker.swift in Sources */ = {isa = PBXBuildFile; fileRef = 960F030E24DAC686008267FA /* ImagePicker.swift */; };
		960F032424DAC686008267FA /* RxActivityIndicator.swift in Sources */ = {isa = PBXBuildFile; fileRef = 960F030F24DAC686008267FA /* RxActivityIndicator.swift */; };
		960F032524DAC686008267FA /* PaginatedDataLoader.swift in Sources */ = {isa = PBXBuildFile; fileRef = 960F031024DAC686008267FA /* PaginatedDataLoader.swift */; };
		960F032624DAC686008267FA /* Toast.swift in Sources */ = {isa = PBXBuildFile; fileRef = 960F031124DAC686008267FA /* Toast.swift */; };
		960F032724DAC686008267FA /* InterceptingEventsView.swift in Sources */ = {isa = PBXBuildFile; fileRef = 960F031324DAC686008267FA /* InterceptingEventsView.swift */; };
		960F032A24DAC686008267FA /* PaddingTextField.swift in Sources */ = {isa = PBXBuildFile; fileRef = 960F031624DAC686008267FA /* PaddingTextField.swift */; };
		960F032B24DAC686008267FA /* PaddingLabel.swift in Sources */ = {isa = PBXBuildFile; fileRef = 960F031724DAC686008267FA /* PaddingLabel.swift */; };
		960F032C24DAC686008267FA /* CircleView.swift in Sources */ = {isa = PBXBuildFile; fileRef = 960F031824DAC686008267FA /* CircleView.swift */; };
		961A08B824D99D79001F23E6 /* AppDelegate.swift in Sources */ = {isa = PBXBuildFile; fileRef = 961A08B724D99D79001F23E6 /* AppDelegate.swift */; };
		961A08C124D99D7B001F23E6 /* Assets.xcassets in Resources */ = {isa = PBXBuildFile; fileRef = 961A08C024D99D7B001F23E6 /* Assets.xcassets */; };
		963A440324F8EC190018A8CA /* GoogleMapStyle.json in Resources */ = {isa = PBXBuildFile; fileRef = 963A440224F8EC190018A8CA /* GoogleMapStyle.json */; };
		963A440724F902450018A8CA /* GoogleMapView.swift in Sources */ = {isa = PBXBuildFile; fileRef = 963A440624F902450018A8CA /* GoogleMapView.swift */; };
		963A440924F91B490018A8CA /* TripGoogleMapView.swift in Sources */ = {isa = PBXBuildFile; fileRef = 963A440824F91B490018A8CA /* TripGoogleMapView.swift */; };
		963A440C24F930BA0018A8CA /* OpenMap.swift in Sources */ = {isa = PBXBuildFile; fileRef = 963A440B24F930BA0018A8CA /* OpenMap.swift */; };
		963A440E24F9322C0018A8CA /* MapAppsActionSheet.swift in Sources */ = {isa = PBXBuildFile; fileRef = 963A440D24F9322C0018A8CA /* MapAppsActionSheet.swift */; };
		963A441024F9A5B30018A8CA /* TripFeedbackViewController.swift in Sources */ = {isa = PBXBuildFile; fileRef = 963A440F24F9A5B30018A8CA /* TripFeedbackViewController.swift */; };
		963A441324F9A87D0018A8CA /* TripFeedbackView.swift in Sources */ = {isa = PBXBuildFile; fileRef = 963A441224F9A87D0018A8CA /* TripFeedbackView.swift */; };
		963A441524F9ACBE0018A8CA /* TripFeedbackViewControllerDelegate.swift in Sources */ = {isa = PBXBuildFile; fileRef = 963A441424F9ACBE0018A8CA /* TripFeedbackViewControllerDelegate.swift */; };
		963A441724FA4EC90018A8CA /* TripManagerMock.swift in Sources */ = {isa = PBXBuildFile; fileRef = 963A441624FA4EC90018A8CA /* TripManagerMock.swift */; };
		963A441924FA4F240018A8CA /* TripManager.swift in Sources */ = {isa = PBXBuildFile; fileRef = 963A441824FA4F240018A8CA /* TripManager.swift */; };
		963A442024FB89D00018A8CA /* FPRequireGeoPermissionCell.swift in Sources */ = {isa = PBXBuildFile; fileRef = 963A441F24FB89D00018A8CA /* FPRequireGeoPermissionCell.swift */; };
		963A442224FB91410018A8CA /* FindPlaceTableDelegate.swift in Sources */ = {isa = PBXBuildFile; fileRef = 963A442124FB91410018A8CA /* FindPlaceTableDelegate.swift */; };
		963A442424FB921B0018A8CA /* FPNotificationCell.swift in Sources */ = {isa = PBXBuildFile; fileRef = 963A442324FB921B0018A8CA /* FPNotificationCell.swift */; };
		963A442624FB936A0018A8CA /* FPSearchedCoordinateCell.swift in Sources */ = {isa = PBXBuildFile; fileRef = 963A442524FB936A0018A8CA /* FPSearchedCoordinateCell.swift */; };
		963A442824FCCC720018A8CA /* FPWhatLikeGetCell.swift in Sources */ = {isa = PBXBuildFile; fileRef = 963A442724FCCC720018A8CA /* FPWhatLikeGetCell.swift */; };
		963A442A24FCD5E20018A8CA /* FPCompleteCell.swift in Sources */ = {isa = PBXBuildFile; fileRef = 963A442924FCD5E20018A8CA /* FPCompleteCell.swift */; };
		963A442C24FCF2E50018A8CA /* FindPlaceTableView.swift in Sources */ = {isa = PBXBuildFile; fileRef = 963A442B24FCF2E50018A8CA /* FindPlaceTableView.swift */; };
		963A442F24FCF3770018A8CA /* FindPlaceTableSection.swift in Sources */ = {isa = PBXBuildFile; fileRef = 963A442E24FCF3770018A8CA /* FindPlaceTableSection.swift */; };
		963A443124FCF3850018A8CA /* FindPlaceTableSectionItem.swift in Sources */ = {isa = PBXBuildFile; fileRef = 963A443024FCF3850018A8CA /* FindPlaceTableSectionItem.swift */; };
		963A443524FD57510018A8CA /* FPDeniedGeoPermissionCell.swift in Sources */ = {isa = PBXBuildFile; fileRef = 963A443424FD57510018A8CA /* FPDeniedGeoPermissionCell.swift */; };
		963A443724FE50E40018A8CA /* FPWhatItIsCell.swift in Sources */ = {isa = PBXBuildFile; fileRef = 963A443624FE50E40018A8CA /* FPWhatItIsCell.swift */; };
		963A443924FEE4BF0018A8CA /* FPRadiusCell.swift in Sources */ = {isa = PBXBuildFile; fileRef = 963A443824FEE4BF0018A8CA /* FPRadiusCell.swift */; };
		963A443B24FEEF1B0018A8CA /* FPTableRadiusBundle.swift in Sources */ = {isa = PBXBuildFile; fileRef = 963A443A24FEEF1B0018A8CA /* FPTableRadiusBundle.swift */; };
		966F470F24F666170025FD5F /* Trip.swift in Sources */ = {isa = PBXBuildFile; fileRef = 966F470E24F666170025FD5F /* Trip.swift */; };
		966F471224F66CE40025FD5F /* TripManagerCore.swift in Sources */ = {isa = PBXBuildFile; fileRef = 966F471124F66CE40025FD5F /* TripManagerCore.swift */; };
		966F471424F66CFD0025FD5F /* TripManagerDelegate.swift in Sources */ = {isa = PBXBuildFile; fileRef = 966F471324F66CFD0025FD5F /* TripManagerDelegate.swift */; };
		966F471624F6761F0025FD5F /* CreateTripRequest.swift in Sources */ = {isa = PBXBuildFile; fileRef = 966F471524F6761F0025FD5F /* CreateTripRequest.swift */; };
		966F471A24F676720025FD5F /* TripFeedbackRequest.swift in Sources */ = {isa = PBXBuildFile; fileRef = 966F471924F676720025FD5F /* TripFeedbackRequest.swift */; };
		966F471E24F688F20025FD5F /* Session.swift in Sources */ = {isa = PBXBuildFile; fileRef = 966F471D24F688F20025FD5F /* Session.swift */; };
		966F472024F68A540025FD5F /* SessionManager.swift in Sources */ = {isa = PBXBuildFile; fileRef = 966F471F24F68A540025FD5F /* SessionManager.swift */; };
		966F472424F68F520025FD5F /* ErrorChecker.swift in Sources */ = {isa = PBXBuildFile; fileRef = 966F472324F68F520025FD5F /* ErrorChecker.swift */; };
		966F472B24F696490025FD5F /* PaygateSpecialOffer.swift in Sources */ = {isa = PBXBuildFile; fileRef = 966F472A24F696490025FD5F /* PaygateSpecialOffer.swift */; };
		966F472D24F6965B0025FD5F /* PaygateOption.swift in Sources */ = {isa = PBXBuildFile; fileRef = 966F472C24F6965B0025FD5F /* PaygateOption.swift */; };
		966F472F24F6966C0025FD5F /* PaygateMainOffer.swift in Sources */ = {isa = PBXBuildFile; fileRef = 966F472E24F6966C0025FD5F /* PaygateMainOffer.swift */; };
		966F473124F698C60025FD5F /* Paygate.swift in Sources */ = {isa = PBXBuildFile; fileRef = 966F473024F698C60025FD5F /* Paygate.swift */; };
		966F474924F6A2D40025FD5F /* SF-Compact-Text-Bold.otf in Resources */ = {isa = PBXBuildFile; fileRef = 966F474824F69B780025FD5F /* SF-Compact-Text-Bold.otf */; };
		966F474A24F6A2D40025FD5F /* SF-Compact-Text-Regular.otf in Resources */ = {isa = PBXBuildFile; fileRef = 966F474724F69B780025FD5F /* SF-Compact-Text-Regular.otf */; };
		966F474B24F6A2D40025FD5F /* SF-Pro-Text-Semibold.otf in Resources */ = {isa = PBXBuildFile; fileRef = 966F474424F69A300025FD5F /* SF-Pro-Text-Semibold.otf */; };
		966F474C24F6A2D40025FD5F /* SF-Pro-Text-Regular.otf in Resources */ = {isa = PBXBuildFile; fileRef = 966F474324F69A2B0025FD5F /* SF-Pro-Text-Regular.otf */; };
		966F474D24F6A2D40025FD5F /* SF-Pro-Text-Medium.otf in Resources */ = {isa = PBXBuildFile; fileRef = 966F474224F69A270025FD5F /* SF-Pro-Text-Medium.otf */; };
		966F474E24F6A2D40025FD5F /* SF-Pro-Text-Light.otf in Resources */ = {isa = PBXBuildFile; fileRef = 966F474124F69A220025FD5F /* SF-Pro-Text-Light.otf */; };
		966F474F24F6A2D40025FD5F /* SF-Pro-Text-Bold.otf in Resources */ = {isa = PBXBuildFile; fileRef = 966F473F24F69A1A0025FD5F /* SF-Pro-Text-Bold.otf */; };
		966F475024F6A2D40025FD5F /* Poppins-Bold.ttf in Resources */ = {isa = PBXBuildFile; fileRef = 966F473C24F699CA0025FD5F /* Poppins-Bold.ttf */; };
		966F475124F6A2D40025FD5F /* Poppins-Light.ttf in Resources */ = {isa = PBXBuildFile; fileRef = 966F473D24F699CA0025FD5F /* Poppins-Light.ttf */; };
		966F475224F6A2D40025FD5F /* Poppins-Medium.ttf in Resources */ = {isa = PBXBuildFile; fileRef = 966F473B24F699CA0025FD5F /* Poppins-Medium.ttf */; };
		966F475324F6A2D40025FD5F /* Poppins-Regular.ttf in Resources */ = {isa = PBXBuildFile; fileRef = 966F473924F699C90025FD5F /* Poppins-Regular.ttf */; };
		966F475424F6A2D40025FD5F /* Poppins-SemiBold.ttf in Resources */ = {isa = PBXBuildFile; fileRef = 966F473A24F699C90025FD5F /* Poppins-SemiBold.ttf */; };
		966F475524F6A2D40025FD5F /* OpenSans-Bold.ttf in Resources */ = {isa = PBXBuildFile; fileRef = 966F473424F699B70025FD5F /* OpenSans-Bold.ttf */; };
		966F475624F6A2D40025FD5F /* OpenSans-Light.ttf in Resources */ = {isa = PBXBuildFile; fileRef = 966F473524F699B70025FD5F /* OpenSans-Light.ttf */; };
		966F475724F6A2D40025FD5F /* OpenSans-Regular.ttf in Resources */ = {isa = PBXBuildFile; fileRef = 966F473724F699B70025FD5F /* OpenSans-Regular.ttf */; };
		966F475824F6A2D40025FD5F /* OpenSans-SemiBold.ttf in Resources */ = {isa = PBXBuildFile; fileRef = 966F473624F699B70025FD5F /* OpenSans-SemiBold.ttf */; };
		966F475B24F6A4A20025FD5F /* PaygateMapper.swift in Sources */ = {isa = PBXBuildFile; fileRef = 966F475A24F6A4A20025FD5F /* PaygateMapper.swift */; };
		966F475F24F6A4FE0025FD5F /* ProductPrice.swift in Sources */ = {isa = PBXBuildFile; fileRef = 966F475E24F6A4FE0025FD5F /* ProductPrice.swift */; };
		966F476124F6A58A0025FD5F /* RetrievedProductsPrices.swift in Sources */ = {isa = PBXBuildFile; fileRef = 966F476024F6A58A0025FD5F /* RetrievedProductsPrices.swift */; };
		966F476324F6A5B30025FD5F /* PurchaseManager.swift in Sources */ = {isa = PBXBuildFile; fileRef = 966F476224F6A5B30025FD5F /* PurchaseManager.swift */; };
		966F476524F6A6410025FD5F /* PurchaseValidateRequest.swift in Sources */ = {isa = PBXBuildFile; fileRef = 966F476424F6A6410025FD5F /* PurchaseValidateRequest.swift */; };
		966F476724F6A94B0025FD5F /* GetPaygateRequest.swift in Sources */ = {isa = PBXBuildFile; fileRef = 966F476624F6A94B0025FD5F /* GetPaygateRequest.swift */; };
		966F476A24F6AF890025FD5F /* PaygateManager.swift in Sources */ = {isa = PBXBuildFile; fileRef = 966F476924F6AF890025FD5F /* PaygateManager.swift */; };
		966F476D24F6B0620025FD5F /* IDFAService.swift in Sources */ = {isa = PBXBuildFile; fileRef = 966F476C24F6B0620025FD5F /* IDFAService.swift */; };
		966F478424F6DCBE0025FD5F /* PaygateMainView.swift in Sources */ = {isa = PBXBuildFile; fileRef = 966F478024F6DCBE0025FD5F /* PaygateMainView.swift */; };
		966F478524F6DCBE0025FD5F /* PaygateOptionView.swift in Sources */ = {isa = PBXBuildFile; fileRef = 966F478124F6DCBE0025FD5F /* PaygateOptionView.swift */; };
		966F478624F6DCBE0025FD5F /* PaygateView.swift in Sources */ = {isa = PBXBuildFile; fileRef = 966F478224F6DCBE0025FD5F /* PaygateView.swift */; };
		966F478724F6DCBE0025FD5F /* PaygateSpecialOfferView.swift in Sources */ = {isa = PBXBuildFile; fileRef = 966F478324F6DCBE0025FD5F /* PaygateSpecialOfferView.swift */; };
		966F478B24F6DCF80025FD5F /* PaygateViewControllerDelegate.swift in Sources */ = {isa = PBXBuildFile; fileRef = 966F478824F6DCF80025FD5F /* PaygateViewControllerDelegate.swift */; };
		966F478C24F6DCF80025FD5F /* PaygateViewController.swift in Sources */ = {isa = PBXBuildFile; fileRef = 966F478924F6DCF80025FD5F /* PaygateViewController.swift */; };
		966F478D24F6DCF80025FD5F /* PaygateViewModel.swift in Sources */ = {isa = PBXBuildFile; fileRef = 966F478A24F6DCF80025FD5F /* PaygateViewModel.swift */; };
		966F478F24F7A3480025FD5F /* OnboardingViewController.swift in Sources */ = {isa = PBXBuildFile; fileRef = 966F478E24F7A3480025FD5F /* OnboardingViewController.swift */; };
		966F479124F7A3740025FD5F /* FindPlaceViewController.swift in Sources */ = {isa = PBXBuildFile; fileRef = 966F479024F7A3740025FD5F /* FindPlaceViewController.swift */; };
		966F479324F7A57B0025FD5F /* SplashViewModel.swift in Sources */ = {isa = PBXBuildFile; fileRef = 966F479224F7A57B0025FD5F /* SplashViewModel.swift */; };
		966F479624F7A5C10025FD5F /* MapViewController.swift in Sources */ = {isa = PBXBuildFile; fileRef = 966F479524F7A5C10025FD5F /* MapViewController.swift */; };
		966F479824F7AFB50025FD5F /* MapViewModel.swift in Sources */ = {isa = PBXBuildFile; fileRef = 966F479724F7AFB50025FD5F /* MapViewModel.swift */; };
		966F479A24F7AFCC0025FD5F /* MapView.swift in Sources */ = {isa = PBXBuildFile; fileRef = 966F479924F7AFCC0025FD5F /* MapView.swift */; };
		966F479C24F7B0600025FD5F /* OnboardingView.swift in Sources */ = {isa = PBXBuildFile; fileRef = 966F479B24F7B0600025FD5F /* OnboardingView.swift */; };
		966F479E24F7B14F0025FD5F /* FindPlaceViewModel.swift in Sources */ = {isa = PBXBuildFile; fileRef = 966F479D24F7B14F0025FD5F /* FindPlaceViewModel.swift */; };
		966F47A024F7B1650025FD5F /* FindPlaceView.swift in Sources */ = {isa = PBXBuildFile; fileRef = 966F479F24F7B1650025FD5F /* FindPlaceView.swift */; };
		966F47A324F7B7110025FD5F /* OnboardingSlideView.swift in Sources */ = {isa = PBXBuildFile; fileRef = 966F47A224F7B7110025FD5F /* OnboardingSlideView.swift */; };
		966F47A724F7BAA60025FD5F /* OnboardingSlide.swift in Sources */ = {isa = PBXBuildFile; fileRef = 966F47A624F7BAA60025FD5F /* OnboardingSlide.swift */; };
		966F47A924F7BDFE0025FD5F /* OnboardingSlider.swift in Sources */ = {isa = PBXBuildFile; fileRef = 966F47A824F7BDFE0025FD5F /* OnboardingSlider.swift */; };
		966F47AB24F7FC7A0025FD5F /* OnboardingSliderDelegate.swift in Sources */ = {isa = PBXBuildFile; fileRef = 966F47AA24F7FC7A0025FD5F /* OnboardingSliderDelegate.swift */; };
		966F47AD24F80D9A0025FD5F /* PaygateManagerCore.swift in Sources */ = {isa = PBXBuildFile; fileRef = 966F47AC24F80D9A0025FD5F /* PaygateManagerCore.swift */; };
		966F47AF24F80E610025FD5F /* PaygateManagerMock.swift in Sources */ = {isa = PBXBuildFile; fileRef = 966F47AE24F80E610025FD5F /* PaygateManagerMock.swift */; };
		96B74C29250C250000413D81 /* FPRadiusSlider.swift in Sources */ = {isa = PBXBuildFile; fileRef = 96B74C28250C250000413D81 /* FPRadiusSlider.swift */; };
		96EB730524DBFABD008A32BC /* Model.swift in Sources */ = {isa = PBXBuildFile; fileRef = 96EB730424DBFABD008A32BC /* Model.swift */; };
		96EB730724DBFDB7008A32BC /* GeoLocationUtils.swift in Sources */ = {isa = PBXBuildFile; fileRef = 96EB730624DBFDB7008A32BC /* GeoLocationUtils.swift */; };
		96EB732224DD3103008A32BC /* SplashViewController.swift in Sources */ = {isa = PBXBuildFile; fileRef = 96EB732124DD3103008A32BC /* SplashViewController.swift */; };
		96EB732424DD3139008A32BC /* SplashView.swift in Sources */ = {isa = PBXBuildFile; fileRef = 96EB732324DD3139008A32BC /* SplashView.swift */; };
		B079481B8193E9B57466D3CC /* Pods_Explore.framework in Frameworks */ = {isa = PBXBuildFile; fileRef = 207A5AA6F728371399EBE652 /* Pods_Explore.framework */; };
/* End PBXBuildFile section */

/* Begin PBXFileReference section */
		207A5AA6F728371399EBE652 /* Pods_Explore.framework */ = {isa = PBXFileReference; explicitFileType = wrapper.framework; includeInIndex = 0; path = Pods_Explore.framework; sourceTree = BUILT_PRODUCTS_DIR; };
		9604B05D24DB44A100649DA7 /* LaunchScreen.storyboard */ = {isa = PBXFileReference; lastKnownFileType = file.storyboard; path = LaunchScreen.storyboard; sourceTree = "<group>"; };
		9604B06724DB46F400649DA7 /* GeoLocationManager.swift */ = {isa = PBXFileReference; lastKnownFileType = sourcecode.swift; path = GeoLocationManager.swift; sourceTree = "<group>"; };
		9604B06A24DB471F00649DA7 /* Coordinate.swift */ = {isa = PBXFileReference; lastKnownFileType = sourcecode.swift; path = Coordinate.swift; sourceTree = "<group>"; };
		9604B06C24DB490300649DA7 /* GLAuthorizationStatus.swift */ = {isa = PBXFileReference; lastKnownFileType = sourcecode.swift; path = GLAuthorizationStatus.swift; sourceTree = "<group>"; };
		9604B06E24DB497F00649DA7 /* GeoLocationManagerDelegate.swift */ = {isa = PBXFileReference; lastKnownFileType = sourcecode.swift; path = GeoLocationManagerDelegate.swift; sourceTree = "<group>"; };
		960F029424DAC181008267FA /* en */ = {isa = PBXFileReference; lastKnownFileType = text.plist.strings; name = en; path = en.lproj/Localizable.strings; sourceTree = "<group>"; };
		960F029724DAC586008267FA /* RestAPITransport.swift */ = {isa = PBXFileReference; fileEncoding = 4; lastKnownFileType = sourcecode.swift; path = RestAPITransport.swift; sourceTree = "<group>"; };
		960F02AE24DAC5E3008267FA /* APIRequestBody.swift */ = {isa = PBXFileReference; fileEncoding = 4; lastKnownFileType = sourcecode.swift; path = APIRequestBody.swift; sourceTree = "<group>"; };
		960F02CC24DAC5E3008267FA /* ApiError.swift */ = {isa = PBXFileReference; fileEncoding = 4; lastKnownFileType = sourcecode.swift; path = ApiError.swift; sourceTree = "<group>"; };
		960F02CD24DAC5E3008267FA /* SignError.swift */ = {isa = PBXFileReference; fileEncoding = 4; lastKnownFileType = sourcecode.swift; path = SignError.swift; sourceTree = "<group>"; };
		960F02CE24DAC5E3008267FA /* PurchaseError.swift */ = {isa = PBXFileReference; fileEncoding = 4; lastKnownFileType = sourcecode.swift; path = PurchaseError.swift; sourceTree = "<group>"; };
		960F02CF24DAC5E3008267FA /* PaymentError.swift */ = {isa = PBXFileReference; fileEncoding = 4; lastKnownFileType = sourcecode.swift; path = PaymentError.swift; sourceTree = "<group>"; };
		960F02D024DAC5E3008267FA /* DataBaseError.swift */ = {isa = PBXFileReference; fileEncoding = 4; lastKnownFileType = sourcecode.swift; path = DataBaseError.swift; sourceTree = "<group>"; };
		960F02FE24DAC64D008267FA /* GlobalDefinitions.swift */ = {isa = PBXFileReference; lastKnownFileType = sourcecode.swift; path = GlobalDefinitions.swift; sourceTree = "<group>"; };
		960F030224DAC686008267FA /* UIViewExtension.swift */ = {isa = PBXFileReference; fileEncoding = 4; lastKnownFileType = sourcecode.swift; path = UIViewExtension.swift; sourceTree = "<group>"; };
		960F030324DAC686008267FA /* UIDeviceExtension.swift */ = {isa = PBXFileReference; fileEncoding = 4; lastKnownFileType = sourcecode.swift; path = UIDeviceExtension.swift; sourceTree = "<group>"; };
		960F030424DAC686008267FA /* StringExtension.swift */ = {isa = PBXFileReference; fileEncoding = 4; lastKnownFileType = sourcecode.swift; path = StringExtension.swift; sourceTree = "<group>"; };
		960F030524DAC686008267FA /* DictionaryExtension.swift */ = {isa = PBXFileReference; fileEncoding = 4; lastKnownFileType = sourcecode.swift; path = DictionaryExtension.swift; sourceTree = "<group>"; };
		960F030724DAC686008267FA /* Scalable.swift */ = {isa = PBXFileReference; fileEncoding = 4; lastKnownFileType = sourcecode.swift; path = Scalable.swift; sourceTree = "<group>"; };
		960F030824DAC686008267FA /* TextAttributes.swift */ = {isa = PBXFileReference; fileEncoding = 4; lastKnownFileType = sourcecode.swift; path = TextAttributes.swift; sourceTree = "<group>"; };
		960F030924DAC686008267FA /* ScreenSize.swift */ = {isa = PBXFileReference; fileEncoding = 4; lastKnownFileType = sourcecode.swift; path = ScreenSize.swift; sourceTree = "<group>"; };
		960F030A24DAC686008267FA /* Fonts.swift */ = {isa = PBXFileReference; fileEncoding = 4; lastKnownFileType = sourcecode.swift; path = Fonts.swift; sourceTree = "<group>"; };
		960F030C24DAC686008267FA /* Weak.swift */ = {isa = PBXFileReference; fileEncoding = 4; lastKnownFileType = sourcecode.swift; path = Weak.swift; sourceTree = "<group>"; };
		960F030E24DAC686008267FA /* ImagePicker.swift */ = {isa = PBXFileReference; fileEncoding = 4; lastKnownFileType = sourcecode.swift; path = ImagePicker.swift; sourceTree = "<group>"; };
		960F030F24DAC686008267FA /* RxActivityIndicator.swift */ = {isa = PBXFileReference; fileEncoding = 4; lastKnownFileType = sourcecode.swift; path = RxActivityIndicator.swift; sourceTree = "<group>"; };
		960F031024DAC686008267FA /* PaginatedDataLoader.swift */ = {isa = PBXFileReference; fileEncoding = 4; lastKnownFileType = sourcecode.swift; path = PaginatedDataLoader.swift; sourceTree = "<group>"; };
		960F031124DAC686008267FA /* Toast.swift */ = {isa = PBXFileReference; fileEncoding = 4; lastKnownFileType = sourcecode.swift; path = Toast.swift; sourceTree = "<group>"; };
		960F031324DAC686008267FA /* InterceptingEventsView.swift */ = {isa = PBXFileReference; fileEncoding = 4; lastKnownFileType = sourcecode.swift; path = InterceptingEventsView.swift; sourceTree = "<group>"; };
		960F031624DAC686008267FA /* PaddingTextField.swift */ = {isa = PBXFileReference; fileEncoding = 4; lastKnownFileType = sourcecode.swift; path = PaddingTextField.swift; sourceTree = "<group>"; };
		960F031724DAC686008267FA /* PaddingLabel.swift */ = {isa = PBXFileReference; fileEncoding = 4; lastKnownFileType = sourcecode.swift; path = PaddingLabel.swift; sourceTree = "<group>"; };
		960F031824DAC686008267FA /* CircleView.swift */ = {isa = PBXFileReference; fileEncoding = 4; lastKnownFileType = sourcecode.swift; path = CircleView.swift; sourceTree = "<group>"; };
		961A08B424D99D79001F23E6 /* Explore.app */ = {isa = PBXFileReference; explicitFileType = wrapper.application; includeInIndex = 0; path = Explore.app; sourceTree = BUILT_PRODUCTS_DIR; };
		961A08B724D99D79001F23E6 /* AppDelegate.swift */ = {isa = PBXFileReference; lastKnownFileType = sourcecode.swift; name = AppDelegate.swift; path = ../AppDelegate.swift; sourceTree = "<group>"; };
		961A08C024D99D7B001F23E6 /* Assets.xcassets */ = {isa = PBXFileReference; lastKnownFileType = folder.assetcatalog; path = Assets.xcassets; sourceTree = "<group>"; };
		961A08C524D99D7B001F23E6 /* Info.plist */ = {isa = PBXFileReference; lastKnownFileType = text.plist.xml; name = Info.plist; path = ../Info.plist; sourceTree = "<group>"; };
		963A440224F8EC190018A8CA /* GoogleMapStyle.json */ = {isa = PBXFileReference; lastKnownFileType = text.json; path = GoogleMapStyle.json; sourceTree = "<group>"; };
		963A440624F902450018A8CA /* GoogleMapView.swift */ = {isa = PBXFileReference; lastKnownFileType = sourcecode.swift; path = GoogleMapView.swift; sourceTree = "<group>"; };
		963A440824F91B490018A8CA /* TripGoogleMapView.swift */ = {isa = PBXFileReference; lastKnownFileType = sourcecode.swift; path = TripGoogleMapView.swift; sourceTree = "<group>"; };
		963A440B24F930BA0018A8CA /* OpenMap.swift */ = {isa = PBXFileReference; lastKnownFileType = sourcecode.swift; path = OpenMap.swift; sourceTree = "<group>"; };
		963A440D24F9322C0018A8CA /* MapAppsActionSheet.swift */ = {isa = PBXFileReference; lastKnownFileType = sourcecode.swift; path = MapAppsActionSheet.swift; sourceTree = "<group>"; };
		963A440F24F9A5B30018A8CA /* TripFeedbackViewController.swift */ = {isa = PBXFileReference; lastKnownFileType = sourcecode.swift; path = TripFeedbackViewController.swift; sourceTree = "<group>"; };
		963A441224F9A87D0018A8CA /* TripFeedbackView.swift */ = {isa = PBXFileReference; lastKnownFileType = sourcecode.swift; path = TripFeedbackView.swift; sourceTree = "<group>"; };
		963A441424F9ACBE0018A8CA /* TripFeedbackViewControllerDelegate.swift */ = {isa = PBXFileReference; lastKnownFileType = sourcecode.swift; path = TripFeedbackViewControllerDelegate.swift; sourceTree = "<group>"; };
		963A441624FA4EC90018A8CA /* TripManagerMock.swift */ = {isa = PBXFileReference; lastKnownFileType = sourcecode.swift; path = TripManagerMock.swift; sourceTree = "<group>"; };
		963A441824FA4F240018A8CA /* TripManager.swift */ = {isa = PBXFileReference; lastKnownFileType = sourcecode.swift; path = TripManager.swift; sourceTree = "<group>"; };
		963A441F24FB89D00018A8CA /* FPRequireGeoPermissionCell.swift */ = {isa = PBXFileReference; lastKnownFileType = sourcecode.swift; path = FPRequireGeoPermissionCell.swift; sourceTree = "<group>"; };
		963A442124FB91410018A8CA /* FindPlaceTableDelegate.swift */ = {isa = PBXFileReference; lastKnownFileType = sourcecode.swift; path = FindPlaceTableDelegate.swift; sourceTree = "<group>"; };
		963A442324FB921B0018A8CA /* FPNotificationCell.swift */ = {isa = PBXFileReference; lastKnownFileType = sourcecode.swift; path = FPNotificationCell.swift; sourceTree = "<group>"; };
		963A442524FB936A0018A8CA /* FPSearchedCoordinateCell.swift */ = {isa = PBXFileReference; lastKnownFileType = sourcecode.swift; path = FPSearchedCoordinateCell.swift; sourceTree = "<group>"; };
		963A442724FCCC720018A8CA /* FPWhatLikeGetCell.swift */ = {isa = PBXFileReference; lastKnownFileType = sourcecode.swift; path = FPWhatLikeGetCell.swift; sourceTree = "<group>"; };
		963A442924FCD5E20018A8CA /* FPCompleteCell.swift */ = {isa = PBXFileReference; lastKnownFileType = sourcecode.swift; path = FPCompleteCell.swift; sourceTree = "<group>"; };
		963A442B24FCF2E50018A8CA /* FindPlaceTableView.swift */ = {isa = PBXFileReference; lastKnownFileType = sourcecode.swift; path = FindPlaceTableView.swift; sourceTree = "<group>"; };
		963A442E24FCF3770018A8CA /* FindPlaceTableSection.swift */ = {isa = PBXFileReference; lastKnownFileType = sourcecode.swift; path = FindPlaceTableSection.swift; sourceTree = "<group>"; };
		963A443024FCF3850018A8CA /* FindPlaceTableSectionItem.swift */ = {isa = PBXFileReference; lastKnownFileType = sourcecode.swift; path = FindPlaceTableSectionItem.swift; sourceTree = "<group>"; };
		963A443424FD57510018A8CA /* FPDeniedGeoPermissionCell.swift */ = {isa = PBXFileReference; lastKnownFileType = sourcecode.swift; path = FPDeniedGeoPermissionCell.swift; sourceTree = "<group>"; };
		963A443624FE50E40018A8CA /* FPWhatItIsCell.swift */ = {isa = PBXFileReference; lastKnownFileType = sourcecode.swift; path = FPWhatItIsCell.swift; sourceTree = "<group>"; };
		963A443824FEE4BF0018A8CA /* FPRadiusCell.swift */ = {isa = PBXFileReference; lastKnownFileType = sourcecode.swift; path = FPRadiusCell.swift; sourceTree = "<group>"; };
		963A443A24FEEF1B0018A8CA /* FPTableRadiusBundle.swift */ = {isa = PBXFileReference; lastKnownFileType = sourcecode.swift; path = FPTableRadiusBundle.swift; sourceTree = "<group>"; };
		966F470E24F666170025FD5F /* Trip.swift */ = {isa = PBXFileReference; lastKnownFileType = sourcecode.swift; path = Trip.swift; sourceTree = "<group>"; };
		966F471124F66CE40025FD5F /* TripManagerCore.swift */ = {isa = PBXFileReference; lastKnownFileType = sourcecode.swift; path = TripManagerCore.swift; sourceTree = "<group>"; };
		966F471324F66CFD0025FD5F /* TripManagerDelegate.swift */ = {isa = PBXFileReference; lastKnownFileType = sourcecode.swift; path = TripManagerDelegate.swift; sourceTree = "<group>"; };
		966F471524F6761F0025FD5F /* CreateTripRequest.swift */ = {isa = PBXFileReference; lastKnownFileType = sourcecode.swift; path = CreateTripRequest.swift; sourceTree = "<group>"; };
		966F471924F676720025FD5F /* TripFeedbackRequest.swift */ = {isa = PBXFileReference; lastKnownFileType = sourcecode.swift; path = TripFeedbackRequest.swift; sourceTree = "<group>"; };
		966F471D24F688F20025FD5F /* Session.swift */ = {isa = PBXFileReference; lastKnownFileType = sourcecode.swift; path = Session.swift; sourceTree = "<group>"; };
		966F471F24F68A540025FD5F /* SessionManager.swift */ = {isa = PBXFileReference; lastKnownFileType = sourcecode.swift; path = SessionManager.swift; sourceTree = "<group>"; };
		966F472324F68F520025FD5F /* ErrorChecker.swift */ = {isa = PBXFileReference; lastKnownFileType = sourcecode.swift; path = ErrorChecker.swift; sourceTree = "<group>"; };
		966F472A24F696490025FD5F /* PaygateSpecialOffer.swift */ = {isa = PBXFileReference; lastKnownFileType = sourcecode.swift; path = PaygateSpecialOffer.swift; sourceTree = "<group>"; };
		966F472C24F6965B0025FD5F /* PaygateOption.swift */ = {isa = PBXFileReference; lastKnownFileType = sourcecode.swift; path = PaygateOption.swift; sourceTree = "<group>"; };
		966F472E24F6966C0025FD5F /* PaygateMainOffer.swift */ = {isa = PBXFileReference; lastKnownFileType = sourcecode.swift; path = PaygateMainOffer.swift; sourceTree = "<group>"; };
		966F473024F698C60025FD5F /* Paygate.swift */ = {isa = PBXFileReference; lastKnownFileType = sourcecode.swift; path = Paygate.swift; sourceTree = "<group>"; };
		966F473424F699B70025FD5F /* OpenSans-Bold.ttf */ = {isa = PBXFileReference; lastKnownFileType = file; path = "OpenSans-Bold.ttf"; sourceTree = "<group>"; };
		966F473524F699B70025FD5F /* OpenSans-Light.ttf */ = {isa = PBXFileReference; lastKnownFileType = file; path = "OpenSans-Light.ttf"; sourceTree = "<group>"; };
		966F473624F699B70025FD5F /* OpenSans-SemiBold.ttf */ = {isa = PBXFileReference; lastKnownFileType = file; path = "OpenSans-SemiBold.ttf"; sourceTree = "<group>"; };
		966F473724F699B70025FD5F /* OpenSans-Regular.ttf */ = {isa = PBXFileReference; lastKnownFileType = file; path = "OpenSans-Regular.ttf"; sourceTree = "<group>"; };
		966F473924F699C90025FD5F /* Poppins-Regular.ttf */ = {isa = PBXFileReference; lastKnownFileType = file; path = "Poppins-Regular.ttf"; sourceTree = "<group>"; };
		966F473A24F699C90025FD5F /* Poppins-SemiBold.ttf */ = {isa = PBXFileReference; lastKnownFileType = file; path = "Poppins-SemiBold.ttf"; sourceTree = "<group>"; };
		966F473B24F699CA0025FD5F /* Poppins-Medium.ttf */ = {isa = PBXFileReference; lastKnownFileType = file; path = "Poppins-Medium.ttf"; sourceTree = "<group>"; };
		966F473C24F699CA0025FD5F /* Poppins-Bold.ttf */ = {isa = PBXFileReference; lastKnownFileType = file; path = "Poppins-Bold.ttf"; sourceTree = "<group>"; };
		966F473D24F699CA0025FD5F /* Poppins-Light.ttf */ = {isa = PBXFileReference; lastKnownFileType = file; path = "Poppins-Light.ttf"; sourceTree = "<group>"; };
		966F473F24F69A1A0025FD5F /* SF-Pro-Text-Bold.otf */ = {isa = PBXFileReference; lastKnownFileType = file; path = "SF-Pro-Text-Bold.otf"; sourceTree = "<group>"; };
		966F474124F69A220025FD5F /* SF-Pro-Text-Light.otf */ = {isa = PBXFileReference; lastKnownFileType = file; path = "SF-Pro-Text-Light.otf"; sourceTree = "<group>"; };
		966F474224F69A270025FD5F /* SF-Pro-Text-Medium.otf */ = {isa = PBXFileReference; lastKnownFileType = file; path = "SF-Pro-Text-Medium.otf"; sourceTree = "<group>"; };
		966F474324F69A2B0025FD5F /* SF-Pro-Text-Regular.otf */ = {isa = PBXFileReference; lastKnownFileType = file; path = "SF-Pro-Text-Regular.otf"; sourceTree = "<group>"; };
		966F474424F69A300025FD5F /* SF-Pro-Text-Semibold.otf */ = {isa = PBXFileReference; lastKnownFileType = file; path = "SF-Pro-Text-Semibold.otf"; sourceTree = "<group>"; };
		966F474724F69B780025FD5F /* SF-Compact-Text-Regular.otf */ = {isa = PBXFileReference; lastKnownFileType = file; path = "SF-Compact-Text-Regular.otf"; sourceTree = "<group>"; };
		966F474824F69B780025FD5F /* SF-Compact-Text-Bold.otf */ = {isa = PBXFileReference; lastKnownFileType = file; path = "SF-Compact-Text-Bold.otf"; sourceTree = "<group>"; };
		966F475A24F6A4A20025FD5F /* PaygateMapper.swift */ = {isa = PBXFileReference; lastKnownFileType = sourcecode.swift; path = PaygateMapper.swift; sourceTree = "<group>"; };
		966F475E24F6A4FE0025FD5F /* ProductPrice.swift */ = {isa = PBXFileReference; lastKnownFileType = sourcecode.swift; path = ProductPrice.swift; sourceTree = "<group>"; };
		966F476024F6A58A0025FD5F /* RetrievedProductsPrices.swift */ = {isa = PBXFileReference; lastKnownFileType = sourcecode.swift; path = RetrievedProductsPrices.swift; sourceTree = "<group>"; };
		966F476224F6A5B30025FD5F /* PurchaseManager.swift */ = {isa = PBXFileReference; lastKnownFileType = sourcecode.swift; path = PurchaseManager.swift; sourceTree = "<group>"; };
		966F476424F6A6410025FD5F /* PurchaseValidateRequest.swift */ = {isa = PBXFileReference; lastKnownFileType = sourcecode.swift; path = PurchaseValidateRequest.swift; sourceTree = "<group>"; };
		966F476624F6A94B0025FD5F /* GetPaygateRequest.swift */ = {isa = PBXFileReference; lastKnownFileType = sourcecode.swift; path = GetPaygateRequest.swift; sourceTree = "<group>"; };
		966F476924F6AF890025FD5F /* PaygateManager.swift */ = {isa = PBXFileReference; lastKnownFileType = sourcecode.swift; path = PaygateManager.swift; sourceTree = "<group>"; };
		966F476C24F6B0620025FD5F /* IDFAService.swift */ = {isa = PBXFileReference; lastKnownFileType = sourcecode.swift; path = IDFAService.swift; sourceTree = "<group>"; };
		966F478024F6DCBE0025FD5F /* PaygateMainView.swift */ = {isa = PBXFileReference; fileEncoding = 4; lastKnownFileType = sourcecode.swift; path = PaygateMainView.swift; sourceTree = "<group>"; };
		966F478124F6DCBE0025FD5F /* PaygateOptionView.swift */ = {isa = PBXFileReference; fileEncoding = 4; lastKnownFileType = sourcecode.swift; path = PaygateOptionView.swift; sourceTree = "<group>"; };
		966F478224F6DCBE0025FD5F /* PaygateView.swift */ = {isa = PBXFileReference; fileEncoding = 4; lastKnownFileType = sourcecode.swift; path = PaygateView.swift; sourceTree = "<group>"; };
		966F478324F6DCBE0025FD5F /* PaygateSpecialOfferView.swift */ = {isa = PBXFileReference; fileEncoding = 4; lastKnownFileType = sourcecode.swift; path = PaygateSpecialOfferView.swift; sourceTree = "<group>"; };
		966F478824F6DCF80025FD5F /* PaygateViewControllerDelegate.swift */ = {isa = PBXFileReference; fileEncoding = 4; lastKnownFileType = sourcecode.swift; path = PaygateViewControllerDelegate.swift; sourceTree = "<group>"; };
		966F478924F6DCF80025FD5F /* PaygateViewController.swift */ = {isa = PBXFileReference; fileEncoding = 4; lastKnownFileType = sourcecode.swift; path = PaygateViewController.swift; sourceTree = "<group>"; };
		966F478A24F6DCF80025FD5F /* PaygateViewModel.swift */ = {isa = PBXFileReference; fileEncoding = 4; lastKnownFileType = sourcecode.swift; path = PaygateViewModel.swift; sourceTree = "<group>"; };
		966F478E24F7A3480025FD5F /* OnboardingViewController.swift */ = {isa = PBXFileReference; lastKnownFileType = sourcecode.swift; path = OnboardingViewController.swift; sourceTree = "<group>"; };
		966F479024F7A3740025FD5F /* FindPlaceViewController.swift */ = {isa = PBXFileReference; lastKnownFileType = sourcecode.swift; path = FindPlaceViewController.swift; sourceTree = "<group>"; };
		966F479224F7A57B0025FD5F /* SplashViewModel.swift */ = {isa = PBXFileReference; lastKnownFileType = sourcecode.swift; path = SplashViewModel.swift; sourceTree = "<group>"; };
		966F479524F7A5C10025FD5F /* MapViewController.swift */ = {isa = PBXFileReference; lastKnownFileType = sourcecode.swift; path = MapViewController.swift; sourceTree = "<group>"; };
		966F479724F7AFB50025FD5F /* MapViewModel.swift */ = {isa = PBXFileReference; lastKnownFileType = sourcecode.swift; path = MapViewModel.swift; sourceTree = "<group>"; };
		966F479924F7AFCC0025FD5F /* MapView.swift */ = {isa = PBXFileReference; lastKnownFileType = sourcecode.swift; path = MapView.swift; sourceTree = "<group>"; };
		966F479B24F7B0600025FD5F /* OnboardingView.swift */ = {isa = PBXFileReference; lastKnownFileType = sourcecode.swift; path = OnboardingView.swift; sourceTree = "<group>"; };
		966F479D24F7B14F0025FD5F /* FindPlaceViewModel.swift */ = {isa = PBXFileReference; lastKnownFileType = sourcecode.swift; path = FindPlaceViewModel.swift; sourceTree = "<group>"; };
		966F479F24F7B1650025FD5F /* FindPlaceView.swift */ = {isa = PBXFileReference; lastKnownFileType = sourcecode.swift; path = FindPlaceView.swift; sourceTree = "<group>"; };
		966F47A224F7B7110025FD5F /* OnboardingSlideView.swift */ = {isa = PBXFileReference; lastKnownFileType = sourcecode.swift; path = OnboardingSlideView.swift; sourceTree = "<group>"; };
		966F47A624F7BAA60025FD5F /* OnboardingSlide.swift */ = {isa = PBXFileReference; lastKnownFileType = sourcecode.swift; path = OnboardingSlide.swift; sourceTree = "<group>"; };
		966F47A824F7BDFE0025FD5F /* OnboardingSlider.swift */ = {isa = PBXFileReference; lastKnownFileType = sourcecode.swift; path = OnboardingSlider.swift; sourceTree = "<group>"; };
		966F47AA24F7FC7A0025FD5F /* OnboardingSliderDelegate.swift */ = {isa = PBXFileReference; lastKnownFileType = sourcecode.swift; path = OnboardingSliderDelegate.swift; sourceTree = "<group>"; };
		966F47AC24F80D9A0025FD5F /* PaygateManagerCore.swift */ = {isa = PBXFileReference; lastKnownFileType = sourcecode.swift; path = PaygateManagerCore.swift; sourceTree = "<group>"; };
		966F47AE24F80E610025FD5F /* PaygateManagerMock.swift */ = {isa = PBXFileReference; lastKnownFileType = sourcecode.swift; path = PaygateManagerMock.swift; sourceTree = "<group>"; };
		96B74C28250C250000413D81 /* FPRadiusSlider.swift */ = {isa = PBXFileReference; lastKnownFileType = sourcecode.swift; path = FPRadiusSlider.swift; sourceTree = "<group>"; };
		96EB730424DBFABD008A32BC /* Model.swift */ = {isa = PBXFileReference; fileEncoding = 4; lastKnownFileType = sourcecode.swift; path = Model.swift; sourceTree = "<group>"; };
		96EB730624DBFDB7008A32BC /* GeoLocationUtils.swift */ = {isa = PBXFileReference; lastKnownFileType = sourcecode.swift; path = GeoLocationUtils.swift; sourceTree = "<group>"; };
		96EB732124DD3103008A32BC /* SplashViewController.swift */ = {isa = PBXFileReference; lastKnownFileType = sourcecode.swift; path = SplashViewController.swift; sourceTree = "<group>"; };
		96EB732324DD3139008A32BC /* SplashView.swift */ = {isa = PBXFileReference; lastKnownFileType = sourcecode.swift; path = SplashView.swift; sourceTree = "<group>"; };
		B22F64F4A27F9D92296D9874 /* Pods-Explore.debug.xcconfig */ = {isa = PBXFileReference; includeInIndex = 1; lastKnownFileType = text.xcconfig; name = "Pods-Explore.debug.xcconfig"; path = "Target Support Files/Pods-Explore/Pods-Explore.debug.xcconfig"; sourceTree = "<group>"; };
		EA359854945A0243058EA051 /* Pods-Explore.release.xcconfig */ = {isa = PBXFileReference; includeInIndex = 1; lastKnownFileType = text.xcconfig; name = "Pods-Explore.release.xcconfig"; path = "Target Support Files/Pods-Explore/Pods-Explore.release.xcconfig"; sourceTree = "<group>"; };
/* End PBXFileReference section */

/* Begin PBXFrameworksBuildPhase section */
		961A08B124D99D79001F23E6 /* Frameworks */ = {
			isa = PBXFrameworksBuildPhase;
			buildActionMask = 2147483647;
			files = (
				B079481B8193E9B57466D3CC /* Pods_Explore.framework in Frameworks */,
			);
			runOnlyForDeploymentPostprocessing = 0;
		};
/* End PBXFrameworksBuildPhase section */

/* Begin PBXGroup section */
		1C98D38E5124374F503E4AC1 /* Frameworks */ = {
			isa = PBXGroup;
			children = (
				207A5AA6F728371399EBE652 /* Pods_Explore.framework */,
			);
			name = Frameworks;
			sourceTree = "<group>";
		};
		9604B06924DB471100649DA7 /* Models */ = {
			isa = PBXGroup;
			children = (
				9604B06A24DB471F00649DA7 /* Coordinate.swift */,
				9604B06C24DB490300649DA7 /* GLAuthorizationStatus.swift */,
			);
			path = Models;
			sourceTree = "<group>";
		};
		9604B07024DBE1A800649DA7 /* GeoLocation */ = {
			isa = PBXGroup;
			children = (
				9604B06924DB471100649DA7 /* Models */,
				9604B06724DB46F400649DA7 /* GeoLocationManager.swift */,
				9604B06E24DB497F00649DA7 /* GeoLocationManagerDelegate.swift */,
				96EB730624DBFDB7008A32BC /* GeoLocationUtils.swift */,
			);
			path = GeoLocation;
			sourceTree = "<group>";
		};
		960F028E24DAC136008267FA /* Classes */ = {
			isa = PBXGroup;
			children = (
				960F030024DAC686008267FA /* Misc */,
				960F02FD24DAC63E008267FA /* GlobalDefinitions */,
				960F029624DAC586008267FA /* Transport */,
				960F029C24DAC5E3008267FA /* Model */,
				960F029A24DAC5D3008267FA /* Service */,
				960F029924DAC5C9008267FA /* Presentation */,
			);
			path = Classes;
			sourceTree = "<group>";
		};
		960F028F24DAC13B008267FA /* Resources */ = {
			isa = PBXGroup;
			children = (
				963A440424F901220018A8CA /* GoogleMapStyle */,
				966F473224F699A40025FD5F /* Fonts */,
				960F029024DAC142008267FA /* Localizable */,
				961A08B724D99D79001F23E6 /* AppDelegate.swift */,
				961A08C024D99D7B001F23E6 /* Assets.xcassets */,
				961A08C524D99D7B001F23E6 /* Info.plist */,
				9604B05D24DB44A100649DA7 /* LaunchScreen.storyboard */,
			);
			path = Resources;
			sourceTree = "<group>";
		};
		960F029024DAC142008267FA /* Localizable */ = {
			isa = PBXGroup;
			children = (
				960F029524DAC181008267FA /* Localizable.strings */,
			);
			path = Localizable;
			sourceTree = "<group>";
		};
		960F029624DAC586008267FA /* Transport */ = {
			isa = PBXGroup;
			children = (
				960F029724DAC586008267FA /* RestAPITransport.swift */,
			);
			path = Transport;
			sourceTree = "<group>";
		};
		960F029924DAC5C9008267FA /* Presentation */ = {
			isa = PBXGroup;
			children = (
				966F479424F7A5A50025FD5F /* Map */,
				966F472724F695F00025FD5F /* Onboarding */,
				966F472624F695E30025FD5F /* FindPlace */,
				966F472524F695DD0025FD5F /* Paygate */,
				96EB731F24DD308F008A32BC /* Splash */,
			);
			path = Presentation;
			sourceTree = "<group>";
		};
		960F029A24DAC5D3008267FA /* Service */ = {
			isa = PBXGroup;
			children = (
				966F476B24F6B0030025FD5F /* Analytics */,
				966F475C24F6A4DB0025FD5F /* Purchase */,
				966F472824F696250025FD5F /* Paygate */,
				966F471B24F688DB0025FD5F /* Session */,
				966F471024F66CC80025FD5F /* Trip */,
				9604B07024DBE1A800649DA7 /* GeoLocation */,
			);
			path = Service;
			sourceTree = "<group>";
		};
		960F029C24DAC5E3008267FA /* Model */ = {
			isa = PBXGroup;
			children = (
				960F029D24DAC5E3008267FA /* Entity */,
				960F02A924DAC5E3008267FA /* RequestBody */,
				960F02CB24DAC5E3008267FA /* Error */,
			);
			path = Model;
			sourceTree = "<group>";
		};
		960F029D24DAC5E3008267FA /* Entity */ = {
			isa = PBXGroup;
			children = (
				96EB730424DBFABD008A32BC /* Model.swift */,
				966F470E24F666170025FD5F /* Trip.swift */,
			);
			path = Entity;
			sourceTree = "<group>";
		};
		960F02A924DAC5E3008267FA /* RequestBody */ = {
			isa = PBXGroup;
			children = (
				960F02AE24DAC5E3008267FA /* APIRequestBody.swift */,
				966F471524F6761F0025FD5F /* CreateTripRequest.swift */,
				966F471924F676720025FD5F /* TripFeedbackRequest.swift */,
				966F476424F6A6410025FD5F /* PurchaseValidateRequest.swift */,
				966F476624F6A94B0025FD5F /* GetPaygateRequest.swift */,
			);
			path = RequestBody;
			sourceTree = "<group>";
		};
		960F02CB24DAC5E3008267FA /* Error */ = {
			isa = PBXGroup;
			children = (
				966F472224F68F470025FD5F /* Checker */,
				960F02CC24DAC5E3008267FA /* ApiError.swift */,
				960F02CD24DAC5E3008267FA /* SignError.swift */,
				960F02CE24DAC5E3008267FA /* PurchaseError.swift */,
				960F02CF24DAC5E3008267FA /* PaymentError.swift */,
				960F02D024DAC5E3008267FA /* DataBaseError.swift */,
			);
			path = Error;
			sourceTree = "<group>";
		};
		960F02FD24DAC63E008267FA /* GlobalDefinitions */ = {
			isa = PBXGroup;
			children = (
				960F02FE24DAC64D008267FA /* GlobalDefinitions.swift */,
			);
			path = GlobalDefinitions;
			sourceTree = "<group>";
		};
		960F030024DAC686008267FA /* Misc */ = {
			isa = PBXGroup;
			children = (
				960F030124DAC686008267FA /* Extension */,
				960F030624DAC686008267FA /* Utils */,
				960F030D24DAC686008267FA /* Components */,
				960F031224DAC686008267FA /* Views */,
			);
			path = Misc;
			sourceTree = "<group>";
		};
		960F030124DAC686008267FA /* Extension */ = {
			isa = PBXGroup;
			children = (
				960F030224DAC686008267FA /* UIViewExtension.swift */,
				960F030324DAC686008267FA /* UIDeviceExtension.swift */,
				960F030424DAC686008267FA /* StringExtension.swift */,
				960F030524DAC686008267FA /* DictionaryExtension.swift */,
			);
			path = Extension;
			sourceTree = "<group>";
		};
		960F030624DAC686008267FA /* Utils */ = {
			isa = PBXGroup;
			children = (
				960F030724DAC686008267FA /* Scalable.swift */,
				960F030824DAC686008267FA /* TextAttributes.swift */,
				960F030924DAC686008267FA /* ScreenSize.swift */,
				960F030A24DAC686008267FA /* Fonts.swift */,
				960F030C24DAC686008267FA /* Weak.swift */,
			);
			path = Utils;
			sourceTree = "<group>";
		};
		960F030D24DAC686008267FA /* Components */ = {
			isa = PBXGroup;
			children = (
				960F030E24DAC686008267FA /* ImagePicker.swift */,
				960F030F24DAC686008267FA /* RxActivityIndicator.swift */,
				960F031024DAC686008267FA /* PaginatedDataLoader.swift */,
				960F031124DAC686008267FA /* Toast.swift */,
			);
			path = Components;
			sourceTree = "<group>";
		};
		960F031224DAC686008267FA /* Views */ = {
			isa = PBXGroup;
			children = (
				963A440624F902450018A8CA /* GoogleMapView.swift */,
				960F031324DAC686008267FA /* InterceptingEventsView.swift */,
				960F031624DAC686008267FA /* PaddingTextField.swift */,
				960F031724DAC686008267FA /* PaddingLabel.swift */,
				960F031824DAC686008267FA /* CircleView.swift */,
			);
			path = Views;
			sourceTree = "<group>";
		};
		961A08AB24D99D79001F23E6 = {
			isa = PBXGroup;
			children = (
				961A08B624D99D79001F23E6 /* Explore */,
				961A08B524D99D79001F23E6 /* Products */,
				AB0A19C4267249BB598D332C /* Pods */,
				1C98D38E5124374F503E4AC1 /* Frameworks */,
			);
			sourceTree = "<group>";
		};
		961A08B524D99D79001F23E6 /* Products */ = {
			isa = PBXGroup;
			children = (
				961A08B424D99D79001F23E6 /* Explore.app */,
			);
			name = Products;
			sourceTree = "<group>";
		};
		961A08B624D99D79001F23E6 /* Explore */ = {
			isa = PBXGroup;
			children = (
				960F028E24DAC136008267FA /* Classes */,
				960F028F24DAC13B008267FA /* Resources */,
			);
			path = Explore;
			sourceTree = "<group>";
		};
		963A440424F901220018A8CA /* GoogleMapStyle */ = {
			isa = PBXGroup;
			children = (
				963A440224F8EC190018A8CA /* GoogleMapStyle.json */,
			);
			path = GoogleMapStyle;
			sourceTree = "<group>";
		};
		963A440524F902370018A8CA /* Views */ = {
			isa = PBXGroup;
			children = (
				963A441124F9A85F0018A8CA /* TripFeedback */,
				963A440824F91B490018A8CA /* TripGoogleMapView.swift */,
			);
			path = Views;
			sourceTree = "<group>";
		};
		963A440A24F930B10018A8CA /* Utils */ = {
			isa = PBXGroup;
			children = (
				963A440B24F930BA0018A8CA /* OpenMap.swift */,
				963A440D24F9322C0018A8CA /* MapAppsActionSheet.swift */,
			);
			path = Utils;
			sourceTree = "<group>";
		};
		963A441124F9A85F0018A8CA /* TripFeedback */ = {
			isa = PBXGroup;
			children = (
				963A440F24F9A5B30018A8CA /* TripFeedbackViewController.swift */,
				963A441224F9A87D0018A8CA /* TripFeedbackView.swift */,
				963A441424F9ACBE0018A8CA /* TripFeedbackViewControllerDelegate.swift */,
			);
			path = TripFeedback;
			sourceTree = "<group>";
		};
		963A441C24FB894D0018A8CA /* Views */ = {
			isa = PBXGroup;
			children = (
				963A441D24FB89540018A8CA /* TableView */,
				96B74C28250C250000413D81 /* FPRadiusSlider.swift */,
			);
			path = Views;
			sourceTree = "<group>";
		};
		963A441D24FB89540018A8CA /* TableView */ = {
			isa = PBXGroup;
			children = (
				963A442D24FCF3600018A8CA /* Models */,
				963A441E24FB89590018A8CA /* Cells */,
				963A442124FB91410018A8CA /* FindPlaceTableDelegate.swift */,
				963A442B24FCF2E50018A8CA /* FindPlaceTableView.swift */,
			);
			path = TableView;
			sourceTree = "<group>";
		};
		963A441E24FB89590018A8CA /* Cells */ = {
			isa = PBXGroup;
			children = (
				963A441F24FB89D00018A8CA /* FPRequireGeoPermissionCell.swift */,
				963A442324FB921B0018A8CA /* FPNotificationCell.swift */,
				963A442524FB936A0018A8CA /* FPSearchedCoordinateCell.swift */,
				963A442724FCCC720018A8CA /* FPWhatLikeGetCell.swift */,
				963A442924FCD5E20018A8CA /* FPCompleteCell.swift */,
				963A443424FD57510018A8CA /* FPDeniedGeoPermissionCell.swift */,
				963A443624FE50E40018A8CA /* FPWhatItIsCell.swift */,
				963A443824FEE4BF0018A8CA /* FPRadiusCell.swift */,
			);
			path = Cells;
			sourceTree = "<group>";
		};
		963A442D24FCF3600018A8CA /* Models */ = {
			isa = PBXGroup;
			children = (
				963A442E24FCF3770018A8CA /* FindPlaceTableSection.swift */,
				963A443024FCF3850018A8CA /* FindPlaceTableSectionItem.swift */,
				963A443A24FEEF1B0018A8CA /* FPTableRadiusBundle.swift */,
			);
			path = Models;
			sourceTree = "<group>";
		};
		966F471024F66CC80025FD5F /* Trip */ = {
			isa = PBXGroup;
			children = (
				966F471124F66CE40025FD5F /* TripManagerCore.swift */,
				966F471324F66CFD0025FD5F /* TripManagerDelegate.swift */,
				963A441624FA4EC90018A8CA /* TripManagerMock.swift */,
				963A441824FA4F240018A8CA /* TripManager.swift */,
			);
			path = Trip;
			sourceTree = "<group>";
		};
		966F471B24F688DB0025FD5F /* Session */ = {
			isa = PBXGroup;
			children = (
				966F471C24F688E90025FD5F /* Models */,
				966F471F24F68A540025FD5F /* SessionManager.swift */,
			);
			path = Session;
			sourceTree = "<group>";
		};
		966F471C24F688E90025FD5F /* Models */ = {
			isa = PBXGroup;
			children = (
				966F471D24F688F20025FD5F /* Session.swift */,
			);
			path = Models;
			sourceTree = "<group>";
		};
		966F472224F68F470025FD5F /* Checker */ = {
			isa = PBXGroup;
			children = (
				966F472324F68F520025FD5F /* ErrorChecker.swift */,
			);
			path = Checker;
			sourceTree = "<group>";
		};
		966F472524F695DD0025FD5F /* Paygate */ = {
			isa = PBXGroup;
			children = (
				966F477F24F6DCBE0025FD5F /* Views */,
				966F478924F6DCF80025FD5F /* PaygateViewController.swift */,
				966F478824F6DCF80025FD5F /* PaygateViewControllerDelegate.swift */,
				966F478A24F6DCF80025FD5F /* PaygateViewModel.swift */,
			);
			path = Paygate;
			sourceTree = "<group>";
		};
		966F472624F695E30025FD5F /* FindPlace */ = {
			isa = PBXGroup;
			children = (
				963A441C24FB894D0018A8CA /* Views */,
				966F479024F7A3740025FD5F /* FindPlaceViewController.swift */,
				966F479D24F7B14F0025FD5F /* FindPlaceViewModel.swift */,
				966F479F24F7B1650025FD5F /* FindPlaceView.swift */,
			);
			path = FindPlace;
			sourceTree = "<group>";
		};
		966F472724F695F00025FD5F /* Onboarding */ = {
			isa = PBXGroup;
			children = (
				966F47A124F7B6EA0025FD5F /* Views */,
				966F478E24F7A3480025FD5F /* OnboardingViewController.swift */,
				966F479B24F7B0600025FD5F /* OnboardingView.swift */,
			);
			path = Onboarding;
			sourceTree = "<group>";
		};
		966F472824F696250025FD5F /* Paygate */ = {
			isa = PBXGroup;
			children = (
				966F475924F6A4880025FD5F /* Mapper */,
				966F472924F6962D0025FD5F /* Models */,
				966F476924F6AF890025FD5F /* PaygateManager.swift */,
				966F47AC24F80D9A0025FD5F /* PaygateManagerCore.swift */,
				966F47AE24F80E610025FD5F /* PaygateManagerMock.swift */,
			);
			path = Paygate;
			sourceTree = "<group>";
		};
		966F472924F6962D0025FD5F /* Models */ = {
			isa = PBXGroup;
			children = (
				966F472A24F696490025FD5F /* PaygateSpecialOffer.swift */,
				966F472C24F6965B0025FD5F /* PaygateOption.swift */,
				966F472E24F6966C0025FD5F /* PaygateMainOffer.swift */,
				966F473024F698C60025FD5F /* Paygate.swift */,
			);
			path = Models;
			sourceTree = "<group>";
		};
		966F473224F699A40025FD5F /* Fonts */ = {
			isa = PBXGroup;
			children = (
				966F474624F69B6B0025FD5F /* SFCompactText */,
				966F473E24F69A0A0025FD5F /* SFProText */,
				966F473824F699BC0025FD5F /* Poppins */,
				966F473324F699AC0025FD5F /* OpenSans */,
			);
			path = Fonts;
			sourceTree = "<group>";
		};
		966F473324F699AC0025FD5F /* OpenSans */ = {
			isa = PBXGroup;
			children = (
				966F473424F699B70025FD5F /* OpenSans-Bold.ttf */,
				966F473524F699B70025FD5F /* OpenSans-Light.ttf */,
				966F473724F699B70025FD5F /* OpenSans-Regular.ttf */,
				966F473624F699B70025FD5F /* OpenSans-SemiBold.ttf */,
			);
			path = OpenSans;
			sourceTree = "<group>";
		};
		966F473824F699BC0025FD5F /* Poppins */ = {
			isa = PBXGroup;
			children = (
				966F473C24F699CA0025FD5F /* Poppins-Bold.ttf */,
				966F473D24F699CA0025FD5F /* Poppins-Light.ttf */,
				966F473B24F699CA0025FD5F /* Poppins-Medium.ttf */,
				966F473924F699C90025FD5F /* Poppins-Regular.ttf */,
				966F473A24F699C90025FD5F /* Poppins-SemiBold.ttf */,
			);
			path = Poppins;
			sourceTree = "<group>";
		};
		966F473E24F69A0A0025FD5F /* SFProText */ = {
			isa = PBXGroup;
			children = (
				966F474424F69A300025FD5F /* SF-Pro-Text-Semibold.otf */,
				966F474324F69A2B0025FD5F /* SF-Pro-Text-Regular.otf */,
				966F474224F69A270025FD5F /* SF-Pro-Text-Medium.otf */,
				966F474124F69A220025FD5F /* SF-Pro-Text-Light.otf */,
				966F473F24F69A1A0025FD5F /* SF-Pro-Text-Bold.otf */,
			);
			path = SFProText;
			sourceTree = "<group>";
		};
		966F474624F69B6B0025FD5F /* SFCompactText */ = {
			isa = PBXGroup;
			children = (
				966F474824F69B780025FD5F /* SF-Compact-Text-Bold.otf */,
				966F474724F69B780025FD5F /* SF-Compact-Text-Regular.otf */,
			);
			path = SFCompactText;
			sourceTree = "<group>";
		};
		966F475924F6A4880025FD5F /* Mapper */ = {
			isa = PBXGroup;
			children = (
				966F475A24F6A4A20025FD5F /* PaygateMapper.swift */,
			);
			path = Mapper;
			sourceTree = "<group>";
		};
		966F475C24F6A4DB0025FD5F /* Purchase */ = {
			isa = PBXGroup;
			children = (
				966F475D24F6A4E60025FD5F /* Model */,
				966F476224F6A5B30025FD5F /* PurchaseManager.swift */,
			);
			path = Purchase;
			sourceTree = "<group>";
		};
		966F475D24F6A4E60025FD5F /* Model */ = {
			isa = PBXGroup;
			children = (
				966F475E24F6A4FE0025FD5F /* ProductPrice.swift */,
				966F476024F6A58A0025FD5F /* RetrievedProductsPrices.swift */,
			);
			path = Model;
			sourceTree = "<group>";
		};
		966F476B24F6B0030025FD5F /* Analytics */ = {
			isa = PBXGroup;
			children = (
				966F476C24F6B0620025FD5F /* IDFAService.swift */,
			);
			path = Analytics;
			sourceTree = "<group>";
		};
		966F477F24F6DCBE0025FD5F /* Views */ = {
			isa = PBXGroup;
			children = (
				966F478024F6DCBE0025FD5F /* PaygateMainView.swift */,
				966F478124F6DCBE0025FD5F /* PaygateOptionView.swift */,
				966F478224F6DCBE0025FD5F /* PaygateView.swift */,
				966F478324F6DCBE0025FD5F /* PaygateSpecialOfferView.swift */,
			);
			path = Views;
			sourceTree = "<group>";
		};
		966F479424F7A5A50025FD5F /* Map */ = {
			isa = PBXGroup;
			children = (
				963A440A24F930B10018A8CA /* Utils */,
				963A440524F902370018A8CA /* Views */,
				966F479524F7A5C10025FD5F /* MapViewController.swift */,
				966F479724F7AFB50025FD5F /* MapViewModel.swift */,
				966F479924F7AFCC0025FD5F /* MapView.swift */,
			);
			path = Map;
			sourceTree = "<group>";
		};
		966F47A124F7B6EA0025FD5F /* Views */ = {
			isa = PBXGroup;
			children = (
				966F47A424F7BA930025FD5F /* Slider */,
			);
			path = Views;
			sourceTree = "<group>";
		};
		966F47A424F7BA930025FD5F /* Slider */ = {
			isa = PBXGroup;
			children = (
				966F47A524F7BA9A0025FD5F /* Models */,
				966F47A224F7B7110025FD5F /* OnboardingSlideView.swift */,
				966F47A824F7BDFE0025FD5F /* OnboardingSlider.swift */,
				966F47AA24F7FC7A0025FD5F /* OnboardingSliderDelegate.swift */,
			);
			path = Slider;
			sourceTree = "<group>";
		};
		966F47A524F7BA9A0025FD5F /* Models */ = {
			isa = PBXGroup;
			children = (
				966F47A624F7BAA60025FD5F /* OnboardingSlide.swift */,
			);
			path = Models;
			sourceTree = "<group>";
		};
		96EB731F24DD308F008A32BC /* Splash */ = {
			isa = PBXGroup;
			children = (
				96EB732124DD3103008A32BC /* SplashViewController.swift */,
				966F479224F7A57B0025FD5F /* SplashViewModel.swift */,
				96EB732324DD3139008A32BC /* SplashView.swift */,
			);
			path = Splash;
			sourceTree = "<group>";
		};
		AB0A19C4267249BB598D332C /* Pods */ = {
			isa = PBXGroup;
			children = (
				B22F64F4A27F9D92296D9874 /* Pods-Explore.debug.xcconfig */,
				EA359854945A0243058EA051 /* Pods-Explore.release.xcconfig */,
			);
			path = Pods;
			sourceTree = "<group>";
		};
/* End PBXGroup section */

/* Begin PBXNativeTarget section */
		961A08B324D99D79001F23E6 /* Explore */ = {
			isa = PBXNativeTarget;
			buildConfigurationList = 961A08C824D99D7B001F23E6 /* Build configuration list for PBXNativeTarget "Explore" */;
			buildPhases = (
				E8783DC062A4E3C554A5DEA9 /* [CP] Check Pods Manifest.lock */,
				961A08B024D99D79001F23E6 /* Sources */,
				961A08B124D99D79001F23E6 /* Frameworks */,
				961A08B224D99D79001F23E6 /* Resources */,
				C05E0AE9B10FEC8C647C8288 /* [CP] Embed Pods Frameworks */,
				A12524E63843DEDB826F7053 /* [CP] Copy Pods Resources */,
			);
			buildRules = (
			);
			dependencies = (
			);
			name = Explore;
			productName = Explore;
			productReference = 961A08B424D99D79001F23E6 /* Explore.app */;
			productType = "com.apple.product-type.application";
		};
/* End PBXNativeTarget section */

/* Begin PBXProject section */
		961A08AC24D99D79001F23E6 /* Project object */ = {
			isa = PBXProject;
			attributes = {
				LastSwiftUpdateCheck = 1150;
				LastUpgradeCheck = 1150;
				ORGANIZATIONNAME = "Andrey Chernyshev";
				TargetAttributes = {
					961A08B324D99D79001F23E6 = {
						CreatedOnToolsVersion = 11.5;
					};
				};
			};
			buildConfigurationList = 961A08AF24D99D79001F23E6 /* Build configuration list for PBXProject "Explore" */;
			compatibilityVersion = "Xcode 9.3";
			developmentRegion = en;
			hasScannedForEncodings = 0;
			knownRegions = (
				en,
				Base,
			);
			mainGroup = 961A08AB24D99D79001F23E6;
			productRefGroup = 961A08B524D99D79001F23E6 /* Products */;
			projectDirPath = "";
			projectRoot = "";
			targets = (
				961A08B324D99D79001F23E6 /* Explore */,
			);
		};
/* End PBXProject section */

/* Begin PBXResourcesBuildPhase section */
		961A08B224D99D79001F23E6 /* Resources */ = {
			isa = PBXResourcesBuildPhase;
			buildActionMask = 2147483647;
			files = (
				966F474924F6A2D40025FD5F /* SF-Compact-Text-Bold.otf in Resources */,
				966F474A24F6A2D40025FD5F /* SF-Compact-Text-Regular.otf in Resources */,
				966F474B24F6A2D40025FD5F /* SF-Pro-Text-Semibold.otf in Resources */,
				966F474C24F6A2D40025FD5F /* SF-Pro-Text-Regular.otf in Resources */,
				966F474D24F6A2D40025FD5F /* SF-Pro-Text-Medium.otf in Resources */,
				966F474E24F6A2D40025FD5F /* SF-Pro-Text-Light.otf in Resources */,
				966F474F24F6A2D40025FD5F /* SF-Pro-Text-Bold.otf in Resources */,
				966F475024F6A2D40025FD5F /* Poppins-Bold.ttf in Resources */,
				966F475124F6A2D40025FD5F /* Poppins-Light.ttf in Resources */,
				966F475224F6A2D40025FD5F /* Poppins-Medium.ttf in Resources */,
				966F475324F6A2D40025FD5F /* Poppins-Regular.ttf in Resources */,
				963A440324F8EC190018A8CA /* GoogleMapStyle.json in Resources */,
				966F475424F6A2D40025FD5F /* Poppins-SemiBold.ttf in Resources */,
				966F475524F6A2D40025FD5F /* OpenSans-Bold.ttf in Resources */,
				966F475624F6A2D40025FD5F /* OpenSans-Light.ttf in Resources */,
				966F475724F6A2D40025FD5F /* OpenSans-Regular.ttf in Resources */,
				966F475824F6A2D40025FD5F /* OpenSans-SemiBold.ttf in Resources */,
				9604B05E24DB44A100649DA7 /* LaunchScreen.storyboard in Resources */,
				960F029324DAC181008267FA /* Localizable.strings in Resources */,
				961A08C124D99D7B001F23E6 /* Assets.xcassets in Resources */,
			);
			runOnlyForDeploymentPostprocessing = 0;
		};
/* End PBXResourcesBuildPhase section */

/* Begin PBXShellScriptBuildPhase section */
		A12524E63843DEDB826F7053 /* [CP] Copy Pods Resources */ = {
			isa = PBXShellScriptBuildPhase;
			buildActionMask = 2147483647;
			files = (
			);
			inputFileListPaths = (
				"${PODS_ROOT}/Target Support Files/Pods-Explore/Pods-Explore-resources-${CONFIGURATION}-input-files.xcfilelist",
			);
			name = "[CP] Copy Pods Resources";
			outputFileListPaths = (
				"${PODS_ROOT}/Target Support Files/Pods-Explore/Pods-Explore-resources-${CONFIGURATION}-output-files.xcfilelist",
			);
			runOnlyForDeploymentPostprocessing = 0;
			shellPath = /bin/sh;
			shellScript = "\"${PODS_ROOT}/Target Support Files/Pods-Explore/Pods-Explore-resources.sh\"\n";
			showEnvVarsInLog = 0;
		};
		C05E0AE9B10FEC8C647C8288 /* [CP] Embed Pods Frameworks */ = {
			isa = PBXShellScriptBuildPhase;
			buildActionMask = 2147483647;
			files = (
			);
			inputFileListPaths = (
				"${PODS_ROOT}/Target Support Files/Pods-Explore/Pods-Explore-frameworks-${CONFIGURATION}-input-files.xcfilelist",
			);
			name = "[CP] Embed Pods Frameworks";
			outputFileListPaths = (
				"${PODS_ROOT}/Target Support Files/Pods-Explore/Pods-Explore-frameworks-${CONFIGURATION}-output-files.xcfilelist",
			);
			runOnlyForDeploymentPostprocessing = 0;
			shellPath = /bin/sh;
			shellScript = "\"${PODS_ROOT}/Target Support Files/Pods-Explore/Pods-Explore-frameworks.sh\"\n";
			showEnvVarsInLog = 0;
		};
		E8783DC062A4E3C554A5DEA9 /* [CP] Check Pods Manifest.lock */ = {
			isa = PBXShellScriptBuildPhase;
			buildActionMask = 2147483647;
			files = (
			);
			inputFileListPaths = (
			);
			inputPaths = (
				"${PODS_PODFILE_DIR_PATH}/Podfile.lock",
				"${PODS_ROOT}/Manifest.lock",
			);
			name = "[CP] Check Pods Manifest.lock";
			outputFileListPaths = (
			);
			outputPaths = (
				"$(DERIVED_FILE_DIR)/Pods-Explore-checkManifestLockResult.txt",
			);
			runOnlyForDeploymentPostprocessing = 0;
			shellPath = /bin/sh;
			shellScript = "diff \"${PODS_PODFILE_DIR_PATH}/Podfile.lock\" \"${PODS_ROOT}/Manifest.lock\" > /dev/null\nif [ $? != 0 ] ; then\n    # print error to STDERR\n    echo \"error: The sandbox is not in sync with the Podfile.lock. Run 'pod install' or update your CocoaPods installation.\" >&2\n    exit 1\nfi\n# This output is used by Xcode 'outputs' to avoid re-running this script phase.\necho \"SUCCESS\" > \"${SCRIPT_OUTPUT_FILE_0}\"\n";
			showEnvVarsInLog = 0;
		};
/* End PBXShellScriptBuildPhase section */

/* Begin PBXSourcesBuildPhase section */
		961A08B024D99D79001F23E6 /* Sources */ = {
			isa = PBXSourcesBuildPhase;
			buildActionMask = 2147483647;
			files = (
				960F031D24DAC686008267FA /* Scalable.swift in Sources */,
				966F478524F6DCBE0025FD5F /* PaygateOptionView.swift in Sources */,
				966F47A924F7BDFE0025FD5F /* OnboardingSlider.swift in Sources */,
				96EB732424DD3139008A32BC /* SplashView.swift in Sources */,
				96B74C29250C250000413D81 /* FPRadiusSlider.swift in Sources */,
				963A440724F902450018A8CA /* GoogleMapView.swift in Sources */,
				963A440C24F930BA0018A8CA /* OpenMap.swift in Sources */,
				966F472D24F6965B0025FD5F /* PaygateOption.swift in Sources */,
				960F031924DAC686008267FA /* UIViewExtension.swift in Sources */,
				9604B06B24DB471F00649DA7 /* Coordinate.swift in Sources */,
				9604B06F24DB497F00649DA7 /* GeoLocationManagerDelegate.swift in Sources */,
				966F470F24F666170025FD5F /* Trip.swift in Sources */,
				966F47AD24F80D9A0025FD5F /* PaygateManagerCore.swift in Sources */,
				963A442024FB89D00018A8CA /* FPRequireGeoPermissionCell.swift in Sources */,
				960F032224DAC686008267FA /* Weak.swift in Sources */,
				963A443B24FEEF1B0018A8CA /* FPTableRadiusBundle.swift in Sources */,
				960F032424DAC686008267FA /* RxActivityIndicator.swift in Sources */,
				966F478B24F6DCF80025FD5F /* PaygateViewControllerDelegate.swift in Sources */,
				960F02F824DAC5E3008267FA /* SignError.swift in Sources */,
				960F032B24DAC686008267FA /* PaddingLabel.swift in Sources */,
				963A443724FE50E40018A8CA /* FPWhatItIsCell.swift in Sources */,
				966F478424F6DCBE0025FD5F /* PaygateMainView.swift in Sources */,
				960F029824DAC586008267FA /* RestAPITransport.swift in Sources */,
				961A08B824D99D79001F23E6 /* AppDelegate.swift in Sources */,
				966F472424F68F520025FD5F /* ErrorChecker.swift in Sources */,
				966F479824F7AFB50025FD5F /* MapViewModel.swift in Sources */,
				966F476324F6A5B30025FD5F /* PurchaseManager.swift in Sources */,
				960F031C24DAC686008267FA /* DictionaryExtension.swift in Sources */,
				966F471424F66CFD0025FD5F /* TripManagerDelegate.swift in Sources */,
				966F471624F6761F0025FD5F /* CreateTripRequest.swift in Sources */,
				966F475F24F6A4FE0025FD5F /* ProductPrice.swift in Sources */,
				963A442424FB921B0018A8CA /* FPNotificationCell.swift in Sources */,
				960F031F24DAC686008267FA /* ScreenSize.swift in Sources */,
				963A440E24F9322C0018A8CA /* MapAppsActionSheet.swift in Sources */,
				963A442824FCCC720018A8CA /* FPWhatLikeGetCell.swift in Sources */,
				966F479124F7A3740025FD5F /* FindPlaceViewController.swift in Sources */,
				966F478F24F7A3480025FD5F /* OnboardingViewController.swift in Sources */,
				960F032024DAC686008267FA /* Fonts.swift in Sources */,
				960F032724DAC686008267FA /* InterceptingEventsView.swift in Sources */,
				960F02F924DAC5E3008267FA /* PurchaseError.swift in Sources */,
				96EB732224DD3103008A32BC /* SplashViewController.swift in Sources */,
				966F471E24F688F20025FD5F /* Session.swift in Sources */,
				963A441724FA4EC90018A8CA /* TripManagerMock.swift in Sources */,
				966F471A24F676720025FD5F /* TripFeedbackRequest.swift in Sources */,
				966F478624F6DCBE0025FD5F /* PaygateView.swift in Sources */,
				966F476724F6A94B0025FD5F /* GetPaygateRequest.swift in Sources */,
				96EB730724DBFDB7008A32BC /* GeoLocationUtils.swift in Sources */,
				960F032C24DAC686008267FA /* CircleView.swift in Sources */,
				963A442224FB91410018A8CA /* FindPlaceTableDelegate.swift in Sources */,
				960F032524DAC686008267FA /* PaginatedDataLoader.swift in Sources */,
				960F02F724DAC5E3008267FA /* ApiError.swift in Sources */,
				963A442C24FCF2E50018A8CA /* FindPlaceTableView.swift in Sources */,
				966F476124F6A58A0025FD5F /* RetrievedProductsPrices.swift in Sources */,
				963A443124FCF3850018A8CA /* FindPlaceTableSectionItem.swift in Sources */,
				963A443524FD57510018A8CA /* FPDeniedGeoPermissionCell.swift in Sources */,
				960F031A24DAC686008267FA /* UIDeviceExtension.swift in Sources */,
				963A441924FA4F240018A8CA /* TripManager.swift in Sources */,
				963A441024F9A5B30018A8CA /* TripFeedbackViewController.swift in Sources */,
				966F479324F7A57B0025FD5F /* SplashViewModel.swift in Sources */,
				966F473124F698C60025FD5F /* Paygate.swift in Sources */,
				963A443924FEE4BF0018A8CA /* FPRadiusCell.swift in Sources */,
				960F02DF24DAC5E3008267FA /* APIRequestBody.swift in Sources */,
				960F031B24DAC686008267FA /* StringExtension.swift in Sources */,
				966F478C24F6DCF80025FD5F /* PaygateViewController.swift in Sources */,
				960F031E24DAC686008267FA /* TextAttributes.swift in Sources */,
				963A441324F9A87D0018A8CA /* TripFeedbackView.swift in Sources */,
				966F471224F66CE40025FD5F /* TripManagerCore.swift in Sources */,
				966F472024F68A540025FD5F /* SessionManager.swift in Sources */,
				960F02FA24DAC5E3008267FA /* PaymentError.swift in Sources */,
				963A442F24FCF3770018A8CA /* FindPlaceTableSection.swift in Sources */,
				966F479C24F7B0600025FD5F /* OnboardingView.swift in Sources */,
				966F47A324F7B7110025FD5F /* OnboardingSlideView.swift in Sources */,
				966F47AB24F7FC7A0025FD5F /* OnboardingSliderDelegate.swift in Sources */,
				96EB730524DBFABD008A32BC /* Model.swift in Sources */,
				966F47A724F7BAA60025FD5F /* OnboardingSlide.swift in Sources */,
				966F47A024F7B1650025FD5F /* FindPlaceView.swift in Sources */,
				960F032A24DAC686008267FA /* PaddingTextField.swift in Sources */,
				966F478D24F6DCF80025FD5F /* PaygateViewModel.swift in Sources */,
				966F472B24F696490025FD5F /* PaygateSpecialOffer.swift in Sources */,
				960F032324DAC686008267FA /* ImagePicker.swift in Sources */,
				963A442624FB936A0018A8CA /* FPSearchedCoordinateCell.swift in Sources */,
				960F02FF24DAC64D008267FA /* GlobalDefinitions.swift in Sources */,
				966F475B24F6A4A20025FD5F /* PaygateMapper.swift in Sources */,
				966F476A24F6AF890025FD5F /* PaygateManager.swift in Sources */,
				960F032624DAC686008267FA /* Toast.swift in Sources */,
				9604B06824DB46F400649DA7 /* GeoLocationManager.swift in Sources */,
				963A441524F9ACBE0018A8CA /* TripFeedbackViewControllerDelegate.swift in Sources */,
				963A440924F91B490018A8CA /* TripGoogleMapView.swift in Sources */,
				966F479624F7A5C10025FD5F /* MapViewController.swift in Sources */,
				966F479A24F7AFCC0025FD5F /* MapView.swift in Sources */,
				966F476D24F6B0620025FD5F /* IDFAService.swift in Sources */,
				966F478724F6DCBE0025FD5F /* PaygateSpecialOfferView.swift in Sources */,
				963A442A24FCD5E20018A8CA /* FPCompleteCell.swift in Sources */,
				966F472F24F6966C0025FD5F /* PaygateMainOffer.swift in Sources */,
				9604B06D24DB490300649DA7 /* GLAuthorizationStatus.swift in Sources */,
				960F02FB24DAC5E3008267FA /* DataBaseError.swift in Sources */,
				966F476524F6A6410025FD5F /* PurchaseValidateRequest.swift in Sources */,
				966F479E24F7B14F0025FD5F /* FindPlaceViewModel.swift in Sources */,
				966F47AF24F80E610025FD5F /* PaygateManagerMock.swift in Sources */,
			);
			runOnlyForDeploymentPostprocessing = 0;
		};
/* End PBXSourcesBuildPhase section */

/* Begin PBXVariantGroup section */
		960F029524DAC181008267FA /* Localizable.strings */ = {
			isa = PBXVariantGroup;
			children = (
				960F029424DAC181008267FA /* en */,
			);
			name = Localizable.strings;
			sourceTree = "<group>";
		};
/* End PBXVariantGroup section */

/* Begin XCBuildConfiguration section */
		961A08C624D99D7B001F23E6 /* Debug */ = {
			isa = XCBuildConfiguration;
			buildSettings = {
				ALWAYS_SEARCH_USER_PATHS = NO;
				CLANG_ANALYZER_NONNULL = YES;
				CLANG_ANALYZER_NUMBER_OBJECT_CONVERSION = YES_AGGRESSIVE;
				CLANG_CXX_LANGUAGE_STANDARD = "gnu++14";
				CLANG_CXX_LIBRARY = "libc++";
				CLANG_ENABLE_MODULES = YES;
				CLANG_ENABLE_OBJC_ARC = YES;
				CLANG_ENABLE_OBJC_WEAK = YES;
				CLANG_WARN_BLOCK_CAPTURE_AUTORELEASING = YES;
				CLANG_WARN_BOOL_CONVERSION = YES;
				CLANG_WARN_COMMA = YES;
				CLANG_WARN_CONSTANT_CONVERSION = YES;
				CLANG_WARN_DEPRECATED_OBJC_IMPLEMENTATIONS = YES;
				CLANG_WARN_DIRECT_OBJC_ISA_USAGE = YES_ERROR;
				CLANG_WARN_DOCUMENTATION_COMMENTS = YES;
				CLANG_WARN_EMPTY_BODY = YES;
				CLANG_WARN_ENUM_CONVERSION = YES;
				CLANG_WARN_INFINITE_RECURSION = YES;
				CLANG_WARN_INT_CONVERSION = YES;
				CLANG_WARN_NON_LITERAL_NULL_CONVERSION = YES;
				CLANG_WARN_OBJC_IMPLICIT_RETAIN_SELF = YES;
				CLANG_WARN_OBJC_LITERAL_CONVERSION = YES;
				CLANG_WARN_OBJC_ROOT_CLASS = YES_ERROR;
				CLANG_WARN_RANGE_LOOP_ANALYSIS = YES;
				CLANG_WARN_STRICT_PROTOTYPES = YES;
				CLANG_WARN_SUSPICIOUS_MOVE = YES;
				CLANG_WARN_UNGUARDED_AVAILABILITY = YES_AGGRESSIVE;
				CLANG_WARN_UNREACHABLE_CODE = YES;
				CLANG_WARN__DUPLICATE_METHOD_MATCH = YES;
				COPY_PHASE_STRIP = NO;
				DEBUG_INFORMATION_FORMAT = dwarf;
				ENABLE_STRICT_OBJC_MSGSEND = YES;
				ENABLE_TESTABILITY = YES;
				GCC_C_LANGUAGE_STANDARD = gnu11;
				GCC_DYNAMIC_NO_PIC = NO;
				GCC_NO_COMMON_BLOCKS = YES;
				GCC_OPTIMIZATION_LEVEL = 0;
				GCC_PREPROCESSOR_DEFINITIONS = (
					"DEBUG=1",
					"$(inherited)",
				);
				GCC_WARN_64_TO_32_BIT_CONVERSION = YES;
				GCC_WARN_ABOUT_RETURN_TYPE = YES_ERROR;
				GCC_WARN_UNDECLARED_SELECTOR = YES;
				GCC_WARN_UNINITIALIZED_AUTOS = YES_AGGRESSIVE;
				GCC_WARN_UNUSED_FUNCTION = YES;
				GCC_WARN_UNUSED_VARIABLE = YES;
				IPHONEOS_DEPLOYMENT_TARGET = 13.5;
				MTL_ENABLE_DEBUG_INFO = INCLUDE_SOURCE;
				MTL_FAST_MATH = YES;
				ONLY_ACTIVE_ARCH = YES;
				SDKROOT = iphoneos;
				SWIFT_ACTIVE_COMPILATION_CONDITIONS = DEBUG;
				SWIFT_OPTIMIZATION_LEVEL = "-Onone";
			};
			name = Debug;
		};
		961A08C724D99D7B001F23E6 /* Release */ = {
			isa = XCBuildConfiguration;
			buildSettings = {
				ALWAYS_SEARCH_USER_PATHS = NO;
				CLANG_ANALYZER_NONNULL = YES;
				CLANG_ANALYZER_NUMBER_OBJECT_CONVERSION = YES_AGGRESSIVE;
				CLANG_CXX_LANGUAGE_STANDARD = "gnu++14";
				CLANG_CXX_LIBRARY = "libc++";
				CLANG_ENABLE_MODULES = YES;
				CLANG_ENABLE_OBJC_ARC = YES;
				CLANG_ENABLE_OBJC_WEAK = YES;
				CLANG_WARN_BLOCK_CAPTURE_AUTORELEASING = YES;
				CLANG_WARN_BOOL_CONVERSION = YES;
				CLANG_WARN_COMMA = YES;
				CLANG_WARN_CONSTANT_CONVERSION = YES;
				CLANG_WARN_DEPRECATED_OBJC_IMPLEMENTATIONS = YES;
				CLANG_WARN_DIRECT_OBJC_ISA_USAGE = YES_ERROR;
				CLANG_WARN_DOCUMENTATION_COMMENTS = YES;
				CLANG_WARN_EMPTY_BODY = YES;
				CLANG_WARN_ENUM_CONVERSION = YES;
				CLANG_WARN_INFINITE_RECURSION = YES;
				CLANG_WARN_INT_CONVERSION = YES;
				CLANG_WARN_NON_LITERAL_NULL_CONVERSION = YES;
				CLANG_WARN_OBJC_IMPLICIT_RETAIN_SELF = YES;
				CLANG_WARN_OBJC_LITERAL_CONVERSION = YES;
				CLANG_WARN_OBJC_ROOT_CLASS = YES_ERROR;
				CLANG_WARN_RANGE_LOOP_ANALYSIS = YES;
				CLANG_WARN_STRICT_PROTOTYPES = YES;
				CLANG_WARN_SUSPICIOUS_MOVE = YES;
				CLANG_WARN_UNGUARDED_AVAILABILITY = YES_AGGRESSIVE;
				CLANG_WARN_UNREACHABLE_CODE = YES;
				CLANG_WARN__DUPLICATE_METHOD_MATCH = YES;
				COPY_PHASE_STRIP = NO;
				DEBUG_INFORMATION_FORMAT = "dwarf-with-dsym";
				ENABLE_NS_ASSERTIONS = NO;
				ENABLE_STRICT_OBJC_MSGSEND = YES;
				GCC_C_LANGUAGE_STANDARD = gnu11;
				GCC_NO_COMMON_BLOCKS = YES;
				GCC_WARN_64_TO_32_BIT_CONVERSION = YES;
				GCC_WARN_ABOUT_RETURN_TYPE = YES_ERROR;
				GCC_WARN_UNDECLARED_SELECTOR = YES;
				GCC_WARN_UNINITIALIZED_AUTOS = YES_AGGRESSIVE;
				GCC_WARN_UNUSED_FUNCTION = YES;
				GCC_WARN_UNUSED_VARIABLE = YES;
				IPHONEOS_DEPLOYMENT_TARGET = 13.5;
				MTL_ENABLE_DEBUG_INFO = NO;
				MTL_FAST_MATH = YES;
				SDKROOT = iphoneos;
				SWIFT_COMPILATION_MODE = wholemodule;
				SWIFT_OPTIMIZATION_LEVEL = "-O";
				VALIDATE_PRODUCT = YES;
			};
			name = Release;
		};
		961A08C924D99D7B001F23E6 /* Debug */ = {
			isa = XCBuildConfiguration;
			baseConfigurationReference = B22F64F4A27F9D92296D9874 /* Pods-Explore.debug.xcconfig */;
			buildSettings = {
				ASSETCATALOG_COMPILER_APPICON_NAME = AppIcon;
				CODE_SIGN_IDENTITY = "iPhone Developer";
				CODE_SIGN_STYLE = Manual;
				CURRENT_PROJECT_VERSION = 3;
				DEVELOPMENT_TEAM = 84M2AR9RYC;
				INFOPLIST_FILE = Explore/Info.plist;
				IPHONEOS_DEPLOYMENT_TARGET = 12.0;
				LD_RUNPATH_SEARCH_PATHS = (
					"$(inherited)",
					"@executable_path/Frameworks",
				);
				PRODUCT_BUNDLE_IDENTIFIER = com.explore;
				PRODUCT_NAME = "$(TARGET_NAME)";
				PROVISIONING_PROFILE_SPECIFIER = "Explore Development";
				SWIFT_VERSION = 5.0;
				TARGETED_DEVICE_FAMILY = 1;
			};
			name = Debug;
		};
		961A08CA24D99D7B001F23E6 /* Release */ = {
			isa = XCBuildConfiguration;
			baseConfigurationReference = EA359854945A0243058EA051 /* Pods-Explore.release.xcconfig */;
			buildSettings = {
				ASSETCATALOG_COMPILER_APPICON_NAME = AppIcon;
				CODE_SIGN_IDENTITY = "iPhone Distribution";
				CODE_SIGN_STYLE = Manual;
				CURRENT_PROJECT_VERSION = 3;
				DEVELOPMENT_TEAM = 84M2AR9RYC;
				INFOPLIST_FILE = Explore/Info.plist;
				IPHONEOS_DEPLOYMENT_TARGET = 12.0;
				LD_RUNPATH_SEARCH_PATHS = (
					"$(inherited)",
					"@executable_path/Frameworks",
				);
				PRODUCT_BUNDLE_IDENTIFIER = com.explore;
				PRODUCT_NAME = "$(TARGET_NAME)";
				PROVISIONING_PROFILE_SPECIFIER = "Explore AppStore";
				SWIFT_VERSION = 5.0;
				TARGETED_DEVICE_FAMILY = 1;
			};
			name = Release;
		};
/* End XCBuildConfiguration section */

/* Begin XCConfigurationList section */
		961A08AF24D99D79001F23E6 /* Build configuration list for PBXProject "Explore" */ = {
			isa = XCConfigurationList;
			buildConfigurations = (
				961A08C624D99D7B001F23E6 /* Debug */,
				961A08C724D99D7B001F23E6 /* Release */,
			);
			defaultConfigurationIsVisible = 0;
			defaultConfigurationName = Release;
		};
		961A08C824D99D7B001F23E6 /* Build configuration list for PBXNativeTarget "Explore" */ = {
			isa = XCConfigurationList;
			buildConfigurations = (
				961A08C924D99D7B001F23E6 /* Debug */,
				961A08CA24D99D7B001F23E6 /* Release */,
			);
			defaultConfigurationIsVisible = 0;
			defaultConfigurationName = Release;
		};
/* End XCConfigurationList section */
	};
	rootObject = 961A08AC24D99D79001F23E6 /* Project object */;
}
